// !$*UTF8*$!
{
	archiveVersion = 1;
	classes = {
	};
	objectVersion = 46;
	objects = {

/* Begin PBXBuildFile section */
		3D1B28BC1C8C841E00F07D4D /* NewTaskViewController.m in Sources */ = {isa = PBXBuildFile; fileRef = 3D1B28BB1C8C841E00F07D4D /* NewTaskViewController.m */; };
		3D1B28BE1C8D835400F07D4D /* NewTaskView.xib in Resources */ = {isa = PBXBuildFile; fileRef = 3D1B28BD1C8D835300F07D4D /* NewTaskView.xib */; };
		3D1F228D1C4A3A6500A8BE8A /* TaskTableViewCell.m in Sources */ = {isa = PBXBuildFile; fileRef = 3D1F228C1C4A3A6500A8BE8A /* TaskTableViewCell.m */; };
		3D1F22921C4A3A8100A8BE8A /* LaunchScreen.storyboard in Resources */ = {isa = PBXBuildFile; fileRef = 3D1F228E1C4A3A8100A8BE8A /* LaunchScreen.storyboard */; };
		3D1F22931C4A3A8100A8BE8A /* Main.storyboard in Resources */ = {isa = PBXBuildFile; fileRef = 3D1F22901C4A3A8100A8BE8A /* Main.storyboard */; };
		3D30C3F51C492F5C007234CF /* AppDelegate.m in Sources */ = {isa = PBXBuildFile; fileRef = 3D30C3F41C492F5C007234CF /* AppDelegate.m */; };
		3D30C3F71C492F7C007234CF /* Assets.xcassets in Resources */ = {isa = PBXBuildFile; fileRef = 3D30C3F61C492F7C007234CF /* Assets.xcassets */; };
		3D30C4011C492FB2007234CF /* Aria2.m in Sources */ = {isa = PBXBuildFile; fileRef = 3D30C3FB1C492FB2007234CF /* Aria2.m */; };
		3D30C4021C492FB2007234CF /* JsonRPC.m in Sources */ = {isa = PBXBuildFile; fileRef = 3D30C3FD1C492FB2007234CF /* JsonRPC.m */; };
		3D30C4031C492FB2007234CF /* Task.m in Sources */ = {isa = PBXBuildFile; fileRef = 3D30C4001C492FB2007234CF /* Task.m */; };
		3D30C4061C492FC7007234CF /* DownloadTableViewController.m in Sources */ = {isa = PBXBuildFile; fileRef = 3D30C4051C492FC7007234CF /* DownloadTableViewController.m */; };
		3D30C4101C4930C3007234CF /* main.m in Sources */ = {isa = PBXBuildFile; fileRef = 3D30C40F1C4930C3007234CF /* main.m */; };
		3D30C4161C49349E007234CF /* File.m in Sources */ = {isa = PBXBuildFile; fileRef = 3D30C4151C49349E007234CF /* File.m */; };
		3D51ACA51C46A43000D39FA4 /* Aria2DownloaderTests.m in Sources */ = {isa = PBXBuildFile; fileRef = 3D51ACA41C46A43000D39FA4 /* Aria2DownloaderTests.m */; };
		3D51ACB01C46A43000D39FA4 /* Aria2DownloaderUITests.m in Sources */ = {isa = PBXBuildFile; fileRef = 3D51ACAF1C46A43000D39FA4 /* Aria2DownloaderUITests.m */; };
		3D6A8BF31C88954F008B1277 /* UIView+extension.m in Sources */ = {isa = PBXBuildFile; fileRef = 3D6A8BF21C88954F008B1277 /* UIView+extension.m */; };
		3D6A8BF61C89DD29008B1277 /* ButtonTabBar.m in Sources */ = {isa = PBXBuildFile; fileRef = 3D6A8BF51C89DD29008B1277 /* ButtonTabBar.m */; };
		3D6A8BF91C89E4FF008B1277 /* AriaTabBarController.m in Sources */ = {isa = PBXBuildFile; fileRef = 3D6A8BF81C89E4FF008B1277 /* AriaTabBarController.m */; };
		3D80A3B11C91A54E009B630F /* Uri.m in Sources */ = {isa = PBXBuildFile; fileRef = 3D80A3B01C91A54E009B630F /* Uri.m */; };
		3DE7613D1C9328A000CEBCC1 /* UpDownButton.m in Sources */ = {isa = PBXBuildFile; fileRef = 3DE7613C1C9328A000CEBCC1 /* UpDownButton.m */; };
		C9514EC2A7255CC1EE704C2D /* libPods.a in Frameworks */ = {isa = PBXBuildFile; fileRef = 744CEC635BE57811D13000AF /* libPods.a */; };
/* End PBXBuildFile section */

/* Begin PBXContainerItemProxy section */
		3D51ACA11C46A43000D39FA4 /* PBXContainerItemProxy */ = {
			isa = PBXContainerItemProxy;
			containerPortal = 3D51AC7F1C46A43000D39FA4 /* Project object */;
			proxyType = 1;
			remoteGlobalIDString = 3D51AC861C46A43000D39FA4;
			remoteInfo = Aria2Downloader;
		};
		3D51ACAC1C46A43000D39FA4 /* PBXContainerItemProxy */ = {
			isa = PBXContainerItemProxy;
			containerPortal = 3D51AC7F1C46A43000D39FA4 /* Project object */;
			proxyType = 1;
			remoteGlobalIDString = 3D51AC861C46A43000D39FA4;
			remoteInfo = Aria2Downloader;
		};
/* End PBXContainerItemProxy section */

/* Begin PBXFileReference section */
		3D1B28BA1C8C841E00F07D4D /* NewTaskViewController.h */ = {isa = PBXFileReference; fileEncoding = 4; lastKnownFileType = sourcecode.c.h; path = NewTaskViewController.h; sourceTree = "<group>"; };
		3D1B28BB1C8C841E00F07D4D /* NewTaskViewController.m */ = {isa = PBXFileReference; fileEncoding = 4; lastKnownFileType = sourcecode.c.objc; path = NewTaskViewController.m; sourceTree = "<group>"; };
		3D1B28BD1C8D835300F07D4D /* NewTaskView.xib */ = {isa = PBXFileReference; fileEncoding = 4; lastKnownFileType = file.xib; path = NewTaskView.xib; sourceTree = "<group>"; };
		3D1F228B1C4A3A6500A8BE8A /* TaskTableViewCell.h */ = {isa = PBXFileReference; fileEncoding = 4; lastKnownFileType = sourcecode.c.h; name = TaskTableViewCell.h; path = Aria2Downloader/TaskTableViewCell.h; sourceTree = "<group>"; };
		3D1F228C1C4A3A6500A8BE8A /* TaskTableViewCell.m */ = {isa = PBXFileReference; fileEncoding = 4; lastKnownFileType = sourcecode.c.objc; name = TaskTableViewCell.m; path = Aria2Downloader/TaskTableViewCell.m; sourceTree = "<group>"; };
		3D1F228F1C4A3A8100A8BE8A /* Base */ = {isa = PBXFileReference; lastKnownFileType = file.storyboard; name = Base; path = LaunchScreen.storyboard; sourceTree = "<group>"; };
		3D1F22911C4A3A8100A8BE8A /* Base */ = {isa = PBXFileReference; lastKnownFileType = file.storyboard; name = Base; path = Main.storyboard; sourceTree = "<group>"; };
		3D30C3F31C492F5C007234CF /* AppDelegate.h */ = {isa = PBXFileReference; fileEncoding = 4; lastKnownFileType = sourcecode.c.h; name = AppDelegate.h; path = Aria2Downloader/AppDelegate.h; sourceTree = "<group>"; };
		3D30C3F41C492F5C007234CF /* AppDelegate.m */ = {isa = PBXFileReference; fileEncoding = 4; lastKnownFileType = sourcecode.c.objc; name = AppDelegate.m; path = Aria2Downloader/AppDelegate.m; sourceTree = "<group>"; };
		3D30C3F61C492F7C007234CF /* Assets.xcassets */ = {isa = PBXFileReference; lastKnownFileType = folder.assetcatalog; name = Assets.xcassets; path = Aria2Downloader/Assets.xcassets; sourceTree = "<group>"; };
		3D30C3FA1C492FB2007234CF /* Aria2.h */ = {isa = PBXFileReference; fileEncoding = 4; lastKnownFileType = sourcecode.c.h; path = Aria2.h; sourceTree = "<group>"; };
		3D30C3FB1C492FB2007234CF /* Aria2.m */ = {isa = PBXFileReference; fileEncoding = 4; lastKnownFileType = sourcecode.c.objc; path = Aria2.m; sourceTree = "<group>"; };
		3D30C3FC1C492FB2007234CF /* JsonRPC.h */ = {isa = PBXFileReference; fileEncoding = 4; lastKnownFileType = sourcecode.c.h; path = JsonRPC.h; sourceTree = "<group>"; };
		3D30C3FD1C492FB2007234CF /* JsonRPC.m */ = {isa = PBXFileReference; fileEncoding = 4; lastKnownFileType = sourcecode.c.objc; path = JsonRPC.m; sourceTree = "<group>"; };
		3D30C3FF1C492FB2007234CF /* Task.h */ = {isa = PBXFileReference; fileEncoding = 4; lastKnownFileType = sourcecode.c.h; path = Task.h; sourceTree = "<group>"; };
		3D30C4001C492FB2007234CF /* Task.m */ = {isa = PBXFileReference; fileEncoding = 4; lastKnownFileType = sourcecode.c.objc; path = Task.m; sourceTree = "<group>"; };
		3D30C4041C492FC7007234CF /* DownloadTableViewController.h */ = {isa = PBXFileReference; fileEncoding = 4; lastKnownFileType = sourcecode.c.h; name = DownloadTableViewController.h; path = Aria2Downloader/DownloadTableViewController.h; sourceTree = "<group>"; };
		3D30C4051C492FC7007234CF /* DownloadTableViewController.m */ = {isa = PBXFileReference; fileEncoding = 4; lastKnownFileType = sourcecode.c.objc; name = DownloadTableViewController.m; path = Aria2Downloader/DownloadTableViewController.m; sourceTree = "<group>"; };
		3D30C40B1C493007007234CF /* Info.plist */ = {isa = PBXFileReference; fileEncoding = 4; lastKnownFileType = text.plist.xml; name = Info.plist; path = Aria2Downloader/Info.plist; sourceTree = SOURCE_ROOT; };
		3D30C40F1C4930C3007234CF /* main.m */ = {isa = PBXFileReference; fileEncoding = 4; lastKnownFileType = sourcecode.c.objc; name = main.m; path = Aria2Downloader/main.m; sourceTree = "<group>"; };
		3D30C4141C49349E007234CF /* File.h */ = {isa = PBXFileReference; fileEncoding = 4; lastKnownFileType = sourcecode.c.h; path = File.h; sourceTree = "<group>"; };
		3D30C4151C49349E007234CF /* File.m */ = {isa = PBXFileReference; fileEncoding = 4; lastKnownFileType = sourcecode.c.objc; path = File.m; sourceTree = "<group>"; };
		3D51AC871C46A43000D39FA4 /* Aria2Downloader.app */ = {isa = PBXFileReference; explicitFileType = wrapper.application; includeInIndex = 0; path = Aria2Downloader.app; sourceTree = BUILT_PRODUCTS_DIR; };
		3D51ACA01C46A43000D39FA4 /* Aria2DownloaderTests.xctest */ = {isa = PBXFileReference; explicitFileType = wrapper.cfbundle; includeInIndex = 0; path = Aria2DownloaderTests.xctest; sourceTree = BUILT_PRODUCTS_DIR; };
		3D51ACA41C46A43000D39FA4 /* Aria2DownloaderTests.m */ = {isa = PBXFileReference; lastKnownFileType = sourcecode.c.objc; path = Aria2DownloaderTests.m; sourceTree = "<group>"; };
		3D51ACA61C46A43000D39FA4 /* Info.plist */ = {isa = PBXFileReference; lastKnownFileType = text.plist.xml; path = Info.plist; sourceTree = "<group>"; };
		3D51ACAB1C46A43000D39FA4 /* Aria2DownloaderUITests.xctest */ = {isa = PBXFileReference; explicitFileType = wrapper.cfbundle; includeInIndex = 0; path = Aria2DownloaderUITests.xctest; sourceTree = BUILT_PRODUCTS_DIR; };
		3D51ACAF1C46A43000D39FA4 /* Aria2DownloaderUITests.m */ = {isa = PBXFileReference; lastKnownFileType = sourcecode.c.objc; path = Aria2DownloaderUITests.m; sourceTree = "<group>"; };
		3D51ACB11C46A43000D39FA4 /* Info.plist */ = {isa = PBXFileReference; lastKnownFileType = text.plist.xml; path = Info.plist; sourceTree = "<group>"; };
		3D6A8BF11C88954F008B1277 /* UIView+extension.h */ = {isa = PBXFileReference; fileEncoding = 4; lastKnownFileType = sourcecode.c.h; path = "UIView+extension.h"; sourceTree = "<group>"; };
		3D6A8BF21C88954F008B1277 /* UIView+extension.m */ = {isa = PBXFileReference; fileEncoding = 4; lastKnownFileType = sourcecode.c.objc; path = "UIView+extension.m"; sourceTree = "<group>"; };
		3D6A8BF41C89DD29008B1277 /* ButtonTabBar.h */ = {isa = PBXFileReference; fileEncoding = 4; lastKnownFileType = sourcecode.c.h; path = ButtonTabBar.h; sourceTree = "<group>"; };
		3D6A8BF51C89DD29008B1277 /* ButtonTabBar.m */ = {isa = PBXFileReference; fileEncoding = 4; lastKnownFileType = sourcecode.c.objc; path = ButtonTabBar.m; sourceTree = "<group>"; };
		3D6A8BF71C89E4FF008B1277 /* AriaTabBarController.h */ = {isa = PBXFileReference; fileEncoding = 4; lastKnownFileType = sourcecode.c.h; path = AriaTabBarController.h; sourceTree = "<group>"; };
		3D6A8BF81C89E4FF008B1277 /* AriaTabBarController.m */ = {isa = PBXFileReference; fileEncoding = 4; lastKnownFileType = sourcecode.c.objc; path = AriaTabBarController.m; sourceTree = "<group>"; };
		3D80A3AF1C91A54E009B630F /* Uri.h */ = {isa = PBXFileReference; fileEncoding = 4; lastKnownFileType = sourcecode.c.h; path = Uri.h; sourceTree = "<group>"; };
		3D80A3B01C91A54E009B630F /* Uri.m */ = {isa = PBXFileReference; fileEncoding = 4; lastKnownFileType = sourcecode.c.objc; path = Uri.m; sourceTree = "<group>"; };
		3DE7613B1C9328A000CEBCC1 /* UpDownButton.h */ = {isa = PBXFileReference; fileEncoding = 4; lastKnownFileType = sourcecode.c.h; path = UpDownButton.h; sourceTree = "<group>"; };
		3DE7613C1C9328A000CEBCC1 /* UpDownButton.m */ = {isa = PBXFileReference; fileEncoding = 4; lastKnownFileType = sourcecode.c.objc; path = UpDownButton.m; sourceTree = "<group>"; };
		744CEC635BE57811D13000AF /* libPods.a */ = {isa = PBXFileReference; explicitFileType = archive.ar; includeInIndex = 0; path = libPods.a; sourceTree = BUILT_PRODUCTS_DIR; };
		923B92FACAC7CDAD945FD076 /* Pods.release.xcconfig */ = {isa = PBXFileReference; includeInIndex = 1; lastKnownFileType = text.xcconfig; name = Pods.release.xcconfig; path = "Pods/Target Support Files/Pods/Pods.release.xcconfig"; sourceTree = "<group>"; };
		E56ECB8BD6A6B1D9696C6264 /* Pods.debug.xcconfig */ = {isa = PBXFileReference; includeInIndex = 1; lastKnownFileType = text.xcconfig; name = Pods.debug.xcconfig; path = "Pods/Target Support Files/Pods/Pods.debug.xcconfig"; sourceTree = "<group>"; };
/* End PBXFileReference section */

/* Begin PBXFrameworksBuildPhase section */
		3D51AC841C46A43000D39FA4 /* Frameworks */ = {
			isa = PBXFrameworksBuildPhase;
			buildActionMask = 2147483647;
			files = (
				C9514EC2A7255CC1EE704C2D /* libPods.a in Frameworks */,
			);
			runOnlyForDeploymentPostprocessing = 0;
		};
		3D51AC9D1C46A43000D39FA4 /* Frameworks */ = {
			isa = PBXFrameworksBuildPhase;
			buildActionMask = 2147483647;
			files = (
			);
			runOnlyForDeploymentPostprocessing = 0;
		};
		3D51ACA81C46A43000D39FA4 /* Frameworks */ = {
			isa = PBXFrameworksBuildPhase;
			buildActionMask = 2147483647;
			files = (
			);
			runOnlyForDeploymentPostprocessing = 0;
		};
/* End PBXFrameworksBuildPhase section */

/* Begin PBXGroup section */
		3D0D5D5C1C492D9E004D682A /* Aria2Downloader */ = {
			isa = PBXGroup;
			children = (
				3D6A8BF01C88954F008B1277 /* Category */,
				3D1F228B1C4A3A6500A8BE8A /* TaskTableViewCell.h */,
				3D1F228C1C4A3A6500A8BE8A /* TaskTableViewCell.m */,
				3D30C4041C492FC7007234CF /* DownloadTableViewController.h */,
				3D30C4051C492FC7007234CF /* DownloadTableViewController.m */,
				3D6A8BF41C89DD29008B1277 /* ButtonTabBar.h */,
				3D6A8BF51C89DD29008B1277 /* ButtonTabBar.m */,
				3DE7613B1C9328A000CEBCC1 /* UpDownButton.h */,
				3DE7613C1C9328A000CEBCC1 /* UpDownButton.m */,
				3D6A8BF71C89E4FF008B1277 /* AriaTabBarController.h */,
				3D6A8BF81C89E4FF008B1277 /* AriaTabBarController.m */,
				3D1B28BA1C8C841E00F07D4D /* NewTaskViewController.h */,
				3D1B28BB1C8C841E00F07D4D /* NewTaskViewController.m */,
				3D1B28BD1C8D835300F07D4D /* NewTaskView.xib */,
				3D30C3F91C492FB2007234CF /* aria2 */,
				3D0D5D601C492E36004D682A /* Supporting Files */,
			);
			name = Aria2Downloader;
			sourceTree = "<group>";
		};
		3D0D5D601C492E36004D682A /* Supporting Files */ = {
			isa = PBXGroup;
			children = (
				3D30C3F61C492F7C007234CF /* Assets.xcassets */,
				3D30C3F81C492F8D007234CF /* Base.lproj */,
				3D30C40F1C4930C3007234CF /* main.m */,
				3D30C40B1C493007007234CF /* Info.plist */,
				3D30C3F31C492F5C007234CF /* AppDelegate.h */,
				3D30C3F41C492F5C007234CF /* AppDelegate.m */,
			);
			name = "Supporting Files";
			sourceTree = "<group>";
		};
		3D30C3F81C492F8D007234CF /* Base.lproj */ = {
			isa = PBXGroup;
			children = (
				3D1F228E1C4A3A8100A8BE8A /* LaunchScreen.storyboard */,
				3D1F22901C4A3A8100A8BE8A /* Main.storyboard */,
			);
			name = Base.lproj;
			path = Aria2Downloader/Base.lproj;
			sourceTree = "<group>";
		};
		3D30C3F91C492FB2007234CF /* aria2 */ = {
			isa = PBXGroup;
			children = (
				3D30C3FA1C492FB2007234CF /* Aria2.h */,
				3D30C3FB1C492FB2007234CF /* Aria2.m */,
				3D30C3FC1C492FB2007234CF /* JsonRPC.h */,
				3D30C3FD1C492FB2007234CF /* JsonRPC.m */,
				3D30C3FE1C492FB2007234CF /* Model */,
			);
			name = aria2;
			path = Aria2Downloader/aria2;
			sourceTree = "<group>";
		};
		3D30C3FE1C492FB2007234CF /* Model */ = {
			isa = PBXGroup;
			children = (
				3D30C3FF1C492FB2007234CF /* Task.h */,
				3D30C4001C492FB2007234CF /* Task.m */,
				3D30C4141C49349E007234CF /* File.h */,
				3D30C4151C49349E007234CF /* File.m */,
				3D80A3AF1C91A54E009B630F /* Uri.h */,
				3D80A3B01C91A54E009B630F /* Uri.m */,
			);
			path = Model;
			sourceTree = "<group>";
		};
		3D51AC7E1C46A43000D39FA4 = {
			isa = PBXGroup;
			children = (
				3D0D5D5C1C492D9E004D682A /* Aria2Downloader */,
				3D51ACA31C46A43000D39FA4 /* Aria2DownloaderTests */,
				3D51ACAE1C46A43000D39FA4 /* Aria2DownloaderUITests */,
				3D51AC881C46A43000D39FA4 /* Products */,
				78EF3EE12927540D25AA71B1 /* Pods */,
				81BE53EED3AA1AED31517AF6 /* Frameworks */,
			);
			sourceTree = "<group>";
		};
		3D51AC881C46A43000D39FA4 /* Products */ = {
			isa = PBXGroup;
			children = (
				3D51AC871C46A43000D39FA4 /* Aria2Downloader.app */,
				3D51ACA01C46A43000D39FA4 /* Aria2DownloaderTests.xctest */,
				3D51ACAB1C46A43000D39FA4 /* Aria2DownloaderUITests.xctest */,
			);
			name = Products;
			sourceTree = "<group>";
		};
		3D51ACA31C46A43000D39FA4 /* Aria2DownloaderTests */ = {
			isa = PBXGroup;
			children = (
				3D51ACA41C46A43000D39FA4 /* Aria2DownloaderTests.m */,
				3D51ACA61C46A43000D39FA4 /* Info.plist */,
			);
			path = Aria2DownloaderTests;
			sourceTree = "<group>";
		};
		3D51ACAE1C46A43000D39FA4 /* Aria2DownloaderUITests */ = {
			isa = PBXGroup;
			children = (
				3D51ACAF1C46A43000D39FA4 /* Aria2DownloaderUITests.m */,
				3D51ACB11C46A43000D39FA4 /* Info.plist */,
			);
			path = Aria2DownloaderUITests;
			sourceTree = "<group>";
		};
		3D6A8BF01C88954F008B1277 /* Category */ = {
			isa = PBXGroup;
			children = (
				3D6A8BF11C88954F008B1277 /* UIView+extension.h */,
				3D6A8BF21C88954F008B1277 /* UIView+extension.m */,
			);
			name = Category;
			path = Aria2Downloader/Category;
			sourceTree = "<group>";
		};
		78EF3EE12927540D25AA71B1 /* Pods */ = {
			isa = PBXGroup;
			children = (
				E56ECB8BD6A6B1D9696C6264 /* Pods.debug.xcconfig */,
				923B92FACAC7CDAD945FD076 /* Pods.release.xcconfig */,
			);
			name = Pods;
			sourceTree = "<group>";
		};
		81BE53EED3AA1AED31517AF6 /* Frameworks */ = {
			isa = PBXGroup;
			children = (
				744CEC635BE57811D13000AF /* libPods.a */,
			);
			name = Frameworks;
			sourceTree = "<group>";
		};
/* End PBXGroup section */

/* Begin PBXNativeTarget section */
		3D51AC861C46A43000D39FA4 /* Aria2Downloader */ = {
			isa = PBXNativeTarget;
			buildConfigurationList = 3D51ACB41C46A43000D39FA4 /* Build configuration list for PBXNativeTarget "Aria2Downloader" */;
			buildPhases = (
				5CB6D6BEAA5A9B2F4BE4E3F9 /* Check Pods Manifest.lock */,
				3D51AC831C46A43000D39FA4 /* Sources */,
				3D51AC841C46A43000D39FA4 /* Frameworks */,
				3D51AC851C46A43000D39FA4 /* Resources */,
				DA3E7C42CB9D28727CC38B55 /* Embed Pods Frameworks */,
				11A62926C250B2C2DBE7C0DF /* Copy Pods Resources */,
			);
			buildRules = (
			);
			dependencies = (
			);
			name = Aria2Downloader;
			productName = Aria2Downloader;
			productReference = 3D51AC871C46A43000D39FA4 /* Aria2Downloader.app */;
			productType = "com.apple.product-type.application";
		};
		3D51AC9F1C46A43000D39FA4 /* Aria2DownloaderTests */ = {
			isa = PBXNativeTarget;
			buildConfigurationList = 3D51ACB71C46A43000D39FA4 /* Build configuration list for PBXNativeTarget "Aria2DownloaderTests" */;
			buildPhases = (
				3D51AC9C1C46A43000D39FA4 /* Sources */,
				3D51AC9D1C46A43000D39FA4 /* Frameworks */,
				3D51AC9E1C46A43000D39FA4 /* Resources */,
			);
			buildRules = (
			);
			dependencies = (
				3D51ACA21C46A43000D39FA4 /* PBXTargetDependency */,
			);
			name = Aria2DownloaderTests;
			productName = Aria2DownloaderTests;
			productReference = 3D51ACA01C46A43000D39FA4 /* Aria2DownloaderTests.xctest */;
			productType = "com.apple.product-type.bundle.unit-test";
		};
		3D51ACAA1C46A43000D39FA4 /* Aria2DownloaderUITests */ = {
			isa = PBXNativeTarget;
			buildConfigurationList = 3D51ACBA1C46A43000D39FA4 /* Build configuration list for PBXNativeTarget "Aria2DownloaderUITests" */;
			buildPhases = (
				3D51ACA71C46A43000D39FA4 /* Sources */,
				3D51ACA81C46A43000D39FA4 /* Frameworks */,
				3D51ACA91C46A43000D39FA4 /* Resources */,
			);
			buildRules = (
			);
			dependencies = (
				3D51ACAD1C46A43000D39FA4 /* PBXTargetDependency */,
			);
			name = Aria2DownloaderUITests;
			productName = Aria2DownloaderUITests;
			productReference = 3D51ACAB1C46A43000D39FA4 /* Aria2DownloaderUITests.xctest */;
			productType = "com.apple.product-type.bundle.ui-testing";
		};
/* End PBXNativeTarget section */

/* Begin PBXProject section */
		3D51AC7F1C46A43000D39FA4 /* Project object */ = {
			isa = PBXProject;
			attributes = {
				LastUpgradeCheck = 0720;
				ORGANIZATIONNAME = happy;
				TargetAttributes = {
					3D51AC861C46A43000D39FA4 = {
						CreatedOnToolsVersion = 7.2;
						DevelopmentTeam = Q9UYAXFZQ7;
					};
					3D51AC9F1C46A43000D39FA4 = {
						CreatedOnToolsVersion = 7.2;
						DevelopmentTeam = Q9UYAXFZQ7;
						TestTargetID = 3D51AC861C46A43000D39FA4;
					};
					3D51ACAA1C46A43000D39FA4 = {
						CreatedOnToolsVersion = 7.2;
						DevelopmentTeam = Q9UYAXFZQ7;
						TestTargetID = 3D51AC861C46A43000D39FA4;
					};
				};
			};
			buildConfigurationList = 3D51AC821C46A43000D39FA4 /* Build configuration list for PBXProject "Aria2Downloader" */;
			compatibilityVersion = "Xcode 3.2";
			developmentRegion = English;
			hasScannedForEncodings = 0;
			knownRegions = (
				en,
				Base,
			);
			mainGroup = 3D51AC7E1C46A43000D39FA4;
			productRefGroup = 3D51AC881C46A43000D39FA4 /* Products */;
			projectDirPath = "";
			projectRoot = "";
			targets = (
				3D51AC861C46A43000D39FA4 /* Aria2Downloader */,
				3D51AC9F1C46A43000D39FA4 /* Aria2DownloaderTests */,
				3D51ACAA1C46A43000D39FA4 /* Aria2DownloaderUITests */,
			);
		};
/* End PBXProject section */

/* Begin PBXResourcesBuildPhase section */
		3D51AC851C46A43000D39FA4 /* Resources */ = {
			isa = PBXResourcesBuildPhase;
			buildActionMask = 2147483647;
			files = (
				3D1F22921C4A3A8100A8BE8A /* LaunchScreen.storyboard in Resources */,
				3D1B28BE1C8D835400F07D4D /* NewTaskView.xib in Resources */,
				3D30C3F71C492F7C007234CF /* Assets.xcassets in Resources */,
				3D1F22931C4A3A8100A8BE8A /* Main.storyboard in Resources */,
			);
			runOnlyForDeploymentPostprocessing = 0;
		};
		3D51AC9E1C46A43000D39FA4 /* Resources */ = {
			isa = PBXResourcesBuildPhase;
			buildActionMask = 2147483647;
			files = (
			);
			runOnlyForDeploymentPostprocessing = 0;
		};
		3D51ACA91C46A43000D39FA4 /* Resources */ = {
			isa = PBXResourcesBuildPhase;
			buildActionMask = 2147483647;
			files = (
			);
			runOnlyForDeploymentPostprocessing = 0;
		};
/* End PBXResourcesBuildPhase section */

/* Begin PBXShellScriptBuildPhase section */
		11A62926C250B2C2DBE7C0DF /* Copy Pods Resources */ = {
			isa = PBXShellScriptBuildPhase;
			buildActionMask = 2147483647;
			files = (
			);
			inputPaths = (
			);
			name = "Copy Pods Resources";
			outputPaths = (
			);
			runOnlyForDeploymentPostprocessing = 0;
			shellPath = /bin/sh;
			shellScript = "\"${SRCROOT}/Pods/Target Support Files/Pods/Pods-resources.sh\"\n";
			showEnvVarsInLog = 0;
		};
		5CB6D6BEAA5A9B2F4BE4E3F9 /* Check Pods Manifest.lock */ = {
			isa = PBXShellScriptBuildPhase;
			buildActionMask = 2147483647;
			files = (
			);
			inputPaths = (
			);
			name = "Check Pods Manifest.lock";
			outputPaths = (
			);
			runOnlyForDeploymentPostprocessing = 0;
			shellPath = /bin/sh;
			shellScript = "diff \"${PODS_ROOT}/../Podfile.lock\" \"${PODS_ROOT}/Manifest.lock\" > /dev/null\nif [[ $? != 0 ]] ; then\n    cat << EOM\nerror: The sandbox is not in sync with the Podfile.lock. Run 'pod install' or update your CocoaPods installation.\nEOM\n    exit 1\nfi\n";
			showEnvVarsInLog = 0;
		};
		DA3E7C42CB9D28727CC38B55 /* Embed Pods Frameworks */ = {
			isa = PBXShellScriptBuildPhase;
			buildActionMask = 2147483647;
			files = (
			);
			inputPaths = (
			);
			name = "Embed Pods Frameworks";
			outputPaths = (
			);
			runOnlyForDeploymentPostprocessing = 0;
			shellPath = /bin/sh;
			shellScript = "\"${SRCROOT}/Pods/Target Support Files/Pods/Pods-frameworks.sh\"\n";
			showEnvVarsInLog = 0;
		};
/* End PBXShellScriptBuildPhase section */

/* Begin PBXSourcesBuildPhase section */
		3D51AC831C46A43000D39FA4 /* Sources */ = {
			isa = PBXSourcesBuildPhase;
			buildActionMask = 2147483647;
			files = (
				3DE7613D1C9328A000CEBCC1 /* UpDownButton.m in Sources */,
				3D30C4031C492FB2007234CF /* Task.m in Sources */,
				3D30C4161C49349E007234CF /* File.m in Sources */,
				3D1B28BC1C8C841E00F07D4D /* NewTaskViewController.m in Sources */,
				3D30C4011C492FB2007234CF /* Aria2.m in Sources */,
				3D30C3F51C492F5C007234CF /* AppDelegate.m in Sources */,
				3D1F228D1C4A3A6500A8BE8A /* TaskTableViewCell.m in Sources */,
				3D6A8BF61C89DD29008B1277 /* ButtonTabBar.m in Sources */,
				3D30C4021C492FB2007234CF /* JsonRPC.m in Sources */,
				3D80A3B11C91A54E009B630F /* Uri.m in Sources */,
				3D30C4101C4930C3007234CF /* main.m in Sources */,
				3D6A8BF91C89E4FF008B1277 /* AriaTabBarController.m in Sources */,
				3D30C4061C492FC7007234CF /* DownloadTableViewController.m in Sources */,
				3D6A8BF31C88954F008B1277 /* UIView+extension.m in Sources */,
			);
			runOnlyForDeploymentPostprocessing = 0;
		};
		3D51AC9C1C46A43000D39FA4 /* Sources */ = {
			isa = PBXSourcesBuildPhase;
			buildActionMask = 2147483647;
			files = (
				3D51ACA51C46A43000D39FA4 /* Aria2DownloaderTests.m in Sources */,
			);
			runOnlyForDeploymentPostprocessing = 0;
		};
		3D51ACA71C46A43000D39FA4 /* Sources */ = {
			isa = PBXSourcesBuildPhase;
			buildActionMask = 2147483647;
			files = (
				3D51ACB01C46A43000D39FA4 /* Aria2DownloaderUITests.m in Sources */,
			);
			runOnlyForDeploymentPostprocessing = 0;
		};
/* End PBXSourcesBuildPhase section */

/* Begin PBXTargetDependency section */
		3D51ACA21C46A43000D39FA4 /* PBXTargetDependency */ = {
			isa = PBXTargetDependency;
			target = 3D51AC861C46A43000D39FA4 /* Aria2Downloader */;
			targetProxy = 3D51ACA11C46A43000D39FA4 /* PBXContainerItemProxy */;
		};
		3D51ACAD1C46A43000D39FA4 /* PBXTargetDependency */ = {
			isa = PBXTargetDependency;
			target = 3D51AC861C46A43000D39FA4 /* Aria2Downloader */;
			targetProxy = 3D51ACAC1C46A43000D39FA4 /* PBXContainerItemProxy */;
		};
/* End PBXTargetDependency section */

/* Begin PBXVariantGroup section */
		3D1F228E1C4A3A8100A8BE8A /* LaunchScreen.storyboard */ = {
			isa = PBXVariantGroup;
			children = (
				3D1F228F1C4A3A8100A8BE8A /* Base */,
			);
			name = LaunchScreen.storyboard;
			sourceTree = "<group>";
		};
		3D1F22901C4A3A8100A8BE8A /* Main.storyboard */ = {
			isa = PBXVariantGroup;
			children = (
				3D1F22911C4A3A8100A8BE8A /* Base */,
			);
			name = Main.storyboard;
			sourceTree = "<group>";
		};
/* End PBXVariantGroup section */

/* Begin XCBuildConfiguration section */
		3D51ACB21C46A43000D39FA4 /* Debug */ = {
			isa = XCBuildConfiguration;
			buildSettings = {
				ALWAYS_SEARCH_USER_PATHS = NO;
				CLANG_CXX_LANGUAGE_STANDARD = "gnu++0x";
				CLANG_CXX_LIBRARY = "libc++";
				CLANG_ENABLE_MODULES = YES;
				CLANG_ENABLE_OBJC_ARC = YES;
				CLANG_WARN_BOOL_CONVERSION = YES;
				CLANG_WARN_CONSTANT_CONVERSION = YES;
				CLANG_WARN_DIRECT_OBJC_ISA_USAGE = YES_ERROR;
				CLANG_WARN_EMPTY_BODY = YES;
				CLANG_WARN_ENUM_CONVERSION = YES;
				CLANG_WARN_INT_CONVERSION = YES;
				CLANG_WARN_OBJC_ROOT_CLASS = YES_ERROR;
				CLANG_WARN_UNREACHABLE_CODE = YES;
				CLANG_WARN__DUPLICATE_METHOD_MATCH = YES;
				"CODE_SIGN_IDENTITY[sdk=iphoneos*]" = "iPhone Developer";
				COPY_PHASE_STRIP = NO;
				DEBUG_INFORMATION_FORMAT = dwarf;
				ENABLE_STRICT_OBJC_MSGSEND = YES;
				ENABLE_TESTABILITY = YES;
				GCC_C_LANGUAGE_STANDARD = gnu99;
				GCC_DYNAMIC_NO_PIC = NO;
				GCC_NO_COMMON_BLOCKS = YES;
				GCC_OPTIMIZATION_LEVEL = 0;
				GCC_PREPROCESSOR_DEFINITIONS = (
					"DEBUG=1",
					"$(inherited)",
				);
				GCC_WARN_64_TO_32_BIT_CONVERSION = YES;
				GCC_WARN_ABOUT_RETURN_TYPE = YES_ERROR;
				GCC_WARN_UNDECLARED_SELECTOR = YES;
				GCC_WARN_UNINITIALIZED_AUTOS = YES_AGGRESSIVE;
				GCC_WARN_UNUSED_FUNCTION = YES;
				GCC_WARN_UNUSED_VARIABLE = YES;
				IPHONEOS_DEPLOYMENT_TARGET = 9.2;
				MTL_ENABLE_DEBUG_INFO = YES;
				ONLY_ACTIVE_ARCH = YES;
				SDKROOT = iphoneos;
			};
			name = Debug;
		};
		3D51ACB31C46A43000D39FA4 /* Release */ = {
			isa = XCBuildConfiguration;
			buildSettings = {
				ALWAYS_SEARCH_USER_PATHS = NO;
				CLANG_CXX_LANGUAGE_STANDARD = "gnu++0x";
				CLANG_CXX_LIBRARY = "libc++";
				CLANG_ENABLE_MODULES = YES;
				CLANG_ENABLE_OBJC_ARC = YES;
				CLANG_WARN_BOOL_CONVERSION = YES;
				CLANG_WARN_CONSTANT_CONVERSION = YES;
				CLANG_WARN_DIRECT_OBJC_ISA_USAGE = YES_ERROR;
				CLANG_WARN_EMPTY_BODY = YES;
				CLANG_WARN_ENUM_CONVERSION = YES;
				CLANG_WARN_INT_CONVERSION = YES;
				CLANG_WARN_OBJC_ROOT_CLASS = YES_ERROR;
				CLANG_WARN_UNREACHABLE_CODE = YES;
				CLANG_WARN__DUPLICATE_METHOD_MATCH = YES;
				"CODE_SIGN_IDENTITY[sdk=iphoneos*]" = "iPhone Developer";
				COPY_PHASE_STRIP = NO;
				DEBUG_INFORMATION_FORMAT = "dwarf-with-dsym";
				ENABLE_NS_ASSERTIONS = NO;
				ENABLE_STRICT_OBJC_MSGSEND = YES;
				GCC_C_LANGUAGE_STANDARD = gnu99;
				GCC_NO_COMMON_BLOCKS = YES;
				GCC_WARN_64_TO_32_BIT_CONVERSION = YES;
				GCC_WARN_ABOUT_RETURN_TYPE = YES_ERROR;
				GCC_WARN_UNDECLARED_SELECTOR = YES;
				GCC_WARN_UNINITIALIZED_AUTOS = YES_AGGRESSIVE;
				GCC_WARN_UNUSED_FUNCTION = YES;
				GCC_WARN_UNUSED_VARIABLE = YES;
				IPHONEOS_DEPLOYMENT_TARGET = 9.2;
				MTL_ENABLE_DEBUG_INFO = NO;
				SDKROOT = iphoneos;
				VALIDATE_PRODUCT = YES;
			};
			name = Release;
		};
		3D51ACB51C46A43000D39FA4 /* Debug */ = {
			isa = XCBuildConfiguration;
			baseConfigurationReference = E56ECB8BD6A6B1D9696C6264 /* Pods.debug.xcconfig */;
			buildSettings = {
				ASSETCATALOG_COMPILER_APPICON_NAME = AppIcon;
				INFOPLIST_FILE = Aria2Downloader/Info.plist;
				LD_RUNPATH_SEARCH_PATHS = "$(inherited) @executable_path/Frameworks";
				PRODUCT_BUNDLE_IDENTIFIER = com.happy.Aria2Downloader;
				PRODUCT_NAME = "$(TARGET_NAME)";
				USER_HEADER_SEARCH_PATHS = "$(PODS_ROOT)/**";
			};
			name = Debug;
		};
		3D51ACB61C46A43000D39FA4 /* Release */ = {
			isa = XCBuildConfiguration;
			baseConfigurationReference = 923B92FACAC7CDAD945FD076 /* Pods.release.xcconfig */;
			buildSettings = {
				ASSETCATALOG_COMPILER_APPICON_NAME = AppIcon;
				INFOPLIST_FILE = Aria2Downloader/Info.plist;
				LD_RUNPATH_SEARCH_PATHS = "$(inherited) @executable_path/Frameworks";
				PRODUCT_BUNDLE_IDENTIFIER = com.happy.Aria2Downloader;
				PRODUCT_NAME = "$(TARGET_NAME)";
				USER_HEADER_SEARCH_PATHS = "$(PODS_ROOT)/**";
			};
			name = Release;
		};
		3D51ACB81C46A43000D39FA4 /* Debug */ = {
			isa = XCBuildConfiguration;
			buildSettings = {
				BUNDLE_LOADER = "$(TEST_HOST)";
				INFOPLIST_FILE = Aria2DownloaderTests/Info.plist;
				LD_RUNPATH_SEARCH_PATHS = "$(inherited) @executable_path/Frameworks @loader_path/Frameworks";
				PRODUCT_BUNDLE_IDENTIFIER = com.happy.Aria2DownloaderTests;
				PRODUCT_NAME = "$(TARGET_NAME)";
				TEST_HOST = "$(BUILT_PRODUCTS_DIR)/Aria2Downloader.app/Aria2Downloader";
			};
			name = Debug;
		};
		3D51ACB91C46A43000D39FA4 /* Release */ = {
			isa = XCBuildConfiguration;
			buildSettings = {
				BUNDLE_LOADER = "$(TEST_HOST)";
				INFOPLIST_FILE = Aria2DownloaderTests/Info.plist;
				LD_RUNPATH_SEARCH_PATHS = "$(inherited) @executable_path/Frameworks @loader_path/Frameworks";
				PRODUCT_BUNDLE_IDENTIFIER = com.happy.Aria2DownloaderTests;
				PRODUCT_NAME = "$(TARGET_NAME)";
				TEST_HOST = "$(BUILT_PRODUCTS_DIR)/Aria2Downloader.app/Aria2Downloader";
			};
			name = Release;
		};
		3D51ACBB1C46A43000D39FA4 /* Debug */ = {
			isa = XCBuildConfiguration;
			buildSettings = {
				INFOPLIST_FILE = Aria2DownloaderUITests/Info.plist;
				LD_RUNPATH_SEARCH_PATHS = "$(inherited) @executable_path/Frameworks @loader_path/Frameworks";
				PRODUCT_BUNDLE_IDENTIFIER = com.happy.Aria2DownloaderUITests;
				PRODUCT_NAME = "$(TARGET_NAME)";
				TEST_TARGET_NAME = Aria2Downloader;
				USES_XCTRUNNER = YES;
			};
			name = Debug;
		};
		3D51ACBC1C46A43000D39FA4 /* Release */ = {
			isa = XCBuildConfiguration;
			buildSettings = {
				INFOPLIST_FILE = Aria2DownloaderUITests/Info.plist;
				LD_RUNPATH_SEARCH_PATHS = "$(inherited) @executable_path/Frameworks @loader_path/Frameworks";
				PRODUCT_BUNDLE_IDENTIFIER = com.happy.Aria2DownloaderUITests;
				PRODUCT_NAME = "$(TARGET_NAME)";
				TEST_TARGET_NAME = Aria2Downloader;
				USES_XCTRUNNER = YES;
			};
			name = Release;
		};
/* End XCBuildConfiguration section */

/* Begin XCConfigurationList section */
		3D51AC821C46A43000D39FA4 /* Build configuration list for PBXProject "Aria2Downloader" */ = {
			isa = XCConfigurationList;
			buildConfigurations = (
				3D51ACB21C46A43000D39FA4 /* Debug */,
				3D51ACB31C46A43000D39FA4 /* Release */,
			);
			defaultConfigurationIsVisible = 0;
			defaultConfigurationName = Release;
		};
		3D51ACB41C46A43000D39FA4 /* Build configuration list for PBXNativeTarget "Aria2Downloader" */ = {
			isa = XCConfigurationList;
			buildConfigurations = (
				3D51ACB51C46A43000D39FA4 /* Debug */,
				3D51ACB61C46A43000D39FA4 /* Release */,
			);
			defaultConfigurationIsVisible = 0;
			defaultConfigurationName = Release;
		};
		3D51ACB71C46A43000D39FA4 /* Build configuration list for PBXNativeTarget "Aria2DownloaderTests" */ = {
			isa = XCConfigurationList;
			buildConfigurations = (
				3D51ACB81C46A43000D39FA4 /* Debug */,
				3D51ACB91C46A43000D39FA4 /* Release */,
			);
			defaultConfigurationIsVisible = 0;
			defaultConfigurationName = Release;
		};
		3D51ACBA1C46A43000D39FA4 /* Build configuration list for PBXNativeTarget "Aria2DownloaderUITests" */ = {
			isa = XCConfigurationList;
			buildConfigurations = (
				3D51ACBB1C46A43000D39FA4 /* Debug */,
				3D51ACBC1C46A43000D39FA4 /* Release */,
			);
			defaultConfigurationIsVisible = 0;
			defaultConfigurationName = Release;
		};
/* End XCConfigurationList section */
	};
	rootObject = 3D51AC7F1C46A43000D39FA4 /* Project object */;
}
