// !$*UTF8*$!
{
	archiveVersion = 1;
	classes = {
	};
	objectVersion = 46;
	objects = {

/* Begin PBXBuildFile section */
		3D018C611C982C3100063304 /* libmupnpiOS.a in Frameworks */ = {isa = PBXBuildFile; fileRef = 3D94B9E31C967FE300B83AC2 /* libmupnpiOS.a */; };
		3D018C621C983C4B00063304 /* mUPnP.framework in Frameworks */ = {isa = PBXBuildFile; fileRef = 3D94B9D91C967F4100B83AC2 /* mUPnP.framework */; };
		3D018C631C983C4B00063304 /* mUPnP.framework in Embed Frameworks */ = {isa = PBXBuildFile; fileRef = 3D94B9D91C967F4100B83AC2 /* mUPnP.framework */; settings = {ATTRIBUTES = (CodeSignOnCopy, RemoveHeadersOnCopy, ); }; };
		3D1B28BC1C8C841E00F07D4D /* NewTaskViewController.m in Sources */ = {isa = PBXBuildFile; fileRef = 3D1B28BB1C8C841E00F07D4D /* NewTaskViewController.m */; };
		3D1B28BE1C8D835400F07D4D /* NewTaskView.xib in Resources */ = {isa = PBXBuildFile; fileRef = 3D1B28BD1C8D835300F07D4D /* NewTaskView.xib */; };
		3D1D63FE1CA8EF3C00E3F40E /* ContainerViewController.m in Sources */ = {isa = PBXBuildFile; fileRef = 3D1D63FD1CA8EF3C00E3F40E /* ContainerViewController.m */; };
		3D1F228D1C4A3A6500A8BE8A /* TaskTableViewCell.m in Sources */ = {isa = PBXBuildFile; fileRef = 3D1F228C1C4A3A6500A8BE8A /* TaskTableViewCell.m */; };
		3D1F22921C4A3A8100A8BE8A /* LaunchScreen.storyboard in Resources */ = {isa = PBXBuildFile; fileRef = 3D1F228E1C4A3A8100A8BE8A /* LaunchScreen.storyboard */; };
		3D1F22931C4A3A8100A8BE8A /* Main.storyboard in Resources */ = {isa = PBXBuildFile; fileRef = 3D1F22901C4A3A8100A8BE8A /* Main.storyboard */; };
		3D30C3F51C492F5C007234CF /* AppDelegate.mm in Sources */ = {isa = PBXBuildFile; fileRef = 3D30C3F41C492F5C007234CF /* AppDelegate.mm */; };
		3D30C3F71C492F7C007234CF /* Assets.xcassets in Resources */ = {isa = PBXBuildFile; fileRef = 3D30C3F61C492F7C007234CF /* Assets.xcassets */; };
		3D30C4011C492FB2007234CF /* Aria2.m in Sources */ = {isa = PBXBuildFile; fileRef = 3D30C3FB1C492FB2007234CF /* Aria2.m */; };
		3D30C4021C492FB2007234CF /* JsonRPC.m in Sources */ = {isa = PBXBuildFile; fileRef = 3D30C3FD1C492FB2007234CF /* JsonRPC.m */; };
		3D30C4031C492FB2007234CF /* Task.m in Sources */ = {isa = PBXBuildFile; fileRef = 3D30C4001C492FB2007234CF /* Task.m */; };
		3D30C4061C492FC7007234CF /* DownloadTableViewController.m in Sources */ = {isa = PBXBuildFile; fileRef = 3D30C4051C492FC7007234CF /* DownloadTableViewController.m */; };
		3D30C4101C4930C3007234CF /* main.m in Sources */ = {isa = PBXBuildFile; fileRef = 3D30C40F1C4930C3007234CF /* main.m */; };
		3D30C4161C49349E007234CF /* File.m in Sources */ = {isa = PBXBuildFile; fileRef = 3D30C4151C49349E007234CF /* File.m */; };
		3D51ACA51C46A43000D39FA4 /* Aria2DownloaderTests.m in Sources */ = {isa = PBXBuildFile; fileRef = 3D51ACA41C46A43000D39FA4 /* Aria2DownloaderTests.m */; };
		3D51ACB01C46A43000D39FA4 /* Aria2DownloaderUITests.m in Sources */ = {isa = PBXBuildFile; fileRef = 3D51ACAF1C46A43000D39FA4 /* Aria2DownloaderUITests.m */; };
		3D6A8BF31C88954F008B1277 /* UIView+extension.m in Sources */ = {isa = PBXBuildFile; fileRef = 3D6A8BF21C88954F008B1277 /* UIView+extension.m */; };
		3D6A8BF61C89DD29008B1277 /* ButtonTabBar.m in Sources */ = {isa = PBXBuildFile; fileRef = 3D6A8BF51C89DD29008B1277 /* ButtonTabBar.m */; };
		3D6A8BF91C89E4FF008B1277 /* AriaTabBarController.m in Sources */ = {isa = PBXBuildFile; fileRef = 3D6A8BF81C89E4FF008B1277 /* AriaTabBarController.m */; };
		3D6F662F1C95CECC002F3F6C /* UpnpDeviceTableViewController.m in Sources */ = {isa = PBXBuildFile; fileRef = 3D6F662E1C95CECC002F3F6C /* UpnpDeviceTableViewController.m */; };
		3D80A3B11C91A54E009B630F /* Uri.m in Sources */ = {isa = PBXBuildFile; fileRef = 3D80A3B01C91A54E009B630F /* Uri.m */; };
		3D8211F91CA1A7BC00A7032A /* libavcodec.a in Frameworks */ = {isa = PBXBuildFile; fileRef = 3D8211F21CA1A7BC00A7032A /* libavcodec.a */; };
		3D8211FA1CA1A7BC00A7032A /* libavdevice.a in Frameworks */ = {isa = PBXBuildFile; fileRef = 3D8211F31CA1A7BC00A7032A /* libavdevice.a */; };
		3D8211FB1CA1A7BC00A7032A /* libavfilter.a in Frameworks */ = {isa = PBXBuildFile; fileRef = 3D8211F41CA1A7BC00A7032A /* libavfilter.a */; };
		3D8211FC1CA1A7BC00A7032A /* libavformat.a in Frameworks */ = {isa = PBXBuildFile; fileRef = 3D8211F51CA1A7BC00A7032A /* libavformat.a */; };
		3D8211FD1CA1A7BC00A7032A /* libavutil.a in Frameworks */ = {isa = PBXBuildFile; fileRef = 3D8211F61CA1A7BC00A7032A /* libavutil.a */; };
		3D8211FE1CA1A7BC00A7032A /* libswresample.a in Frameworks */ = {isa = PBXBuildFile; fileRef = 3D8211F71CA1A7BC00A7032A /* libswresample.a */; };
		3D8211FF1CA1A7BD00A7032A /* libswscale.a in Frameworks */ = {isa = PBXBuildFile; fileRef = 3D8211F81CA1A7BC00A7032A /* libswscale.a */; };
		3D8212011CA1A89F00A7032A /* libz.tbd in Frameworks */ = {isa = PBXBuildFile; fileRef = 3D8212001CA1A89F00A7032A /* libz.tbd */; };
		3D8212031CA1A8AF00A7032A /* libbz2.tbd in Frameworks */ = {isa = PBXBuildFile; fileRef = 3D8212021CA1A8AF00A7032A /* libbz2.tbd */; };
		3D8212051CA1A8C800A7032A /* libiconv.tbd in Frameworks */ = {isa = PBXBuildFile; fileRef = 3D8212041CA1A8C800A7032A /* libiconv.tbd */; };
		3D8212081CA1B49000A7032A /* VideoToolbox.framework in Frameworks */ = {isa = PBXBuildFile; fileRef = 3D8212061CA1B29D00A7032A /* VideoToolbox.framework */; };
		3D94B9E61C96805D00B83AC2 /* mUPnP.framework in Frameworks */ = {isa = PBXBuildFile; fileRef = 3D94B9D91C967F4100B83AC2 /* mUPnP.framework */; };
		3D94B9F21C96B2BA00B83AC2 /* UpnpServerContentTableViewController.m in Sources */ = {isa = PBXBuildFile; fileRef = 3D94B9F11C96B2BA00B83AC2 /* UpnpServerContentTableViewController.m */; };
		3D94B9F51C96E3BA00B83AC2 /* DLNAPlaybackViewController.m in Sources */ = {isa = PBXBuildFile; fileRef = 3D94B9F41C96E3BA00B83AC2 /* DLNAPlaybackViewController.m */; };
		3DD605311CA6595F00CCA6FA /* SiderViewController.m in Sources */ = {isa = PBXBuildFile; fileRef = 3DD605301CA6595F00CCA6FA /* SiderViewController.m */; };
		3DE7613D1C9328A000CEBCC1 /* UpDownButton.m in Sources */ = {isa = PBXBuildFile; fileRef = 3DE7613C1C9328A000CEBCC1 /* UpDownButton.m */; };
		3DFD767E1C94572F00FC68B2 /* SegmentNavigationController.m in Sources */ = {isa = PBXBuildFile; fileRef = 3DFD767D1C94572F00FC68B2 /* SegmentNavigationController.m */; };
		3DFD76841C9474B400FC68B2 /* MainScrollViewController.m in Sources */ = {isa = PBXBuildFile; fileRef = 3DFD76831C9474B400FC68B2 /* MainScrollViewController.m */; };
		C9514EC2A7255CC1EE704C2D /* libPods.a in Frameworks */ = {isa = PBXBuildFile; fileRef = 744CEC635BE57811D13000AF /* libPods.a */; };
/* End PBXBuildFile section */

/* Begin PBXContainerItemProxy section */
		3D018C641C983C4B00063304 /* PBXContainerItemProxy */ = {
			isa = PBXContainerItemProxy;
			containerPortal = 3D94B9D41C967F4100B83AC2 /* mUPnP.xcodeproj */;
			proxyType = 1;
			remoteGlobalIDString = 2C9DD3281BF1B65500D222B5;
			remoteInfo = mUPnP;
		};
		3D51ACA11C46A43000D39FA4 /* PBXContainerItemProxy */ = {
			isa = PBXContainerItemProxy;
			containerPortal = 3D51AC7F1C46A43000D39FA4 /* Project object */;
			proxyType = 1;
			remoteGlobalIDString = 3D51AC861C46A43000D39FA4;
			remoteInfo = Aria2Downloader;
		};
		3D51ACAC1C46A43000D39FA4 /* PBXContainerItemProxy */ = {
			isa = PBXContainerItemProxy;
			containerPortal = 3D51AC7F1C46A43000D39FA4 /* Project object */;
			proxyType = 1;
			remoteGlobalIDString = 3D51AC861C46A43000D39FA4;
			remoteInfo = Aria2Downloader;
		};
		3D94B9D81C967F4100B83AC2 /* PBXContainerItemProxy */ = {
			isa = PBXContainerItemProxy;
			containerPortal = 3D94B9D41C967F4100B83AC2 /* mUPnP.xcodeproj */;
			proxyType = 2;
			remoteGlobalIDString = 2C9DD3291BF1B65500D222B5;
			remoteInfo = mUPnP;
		};
		3D94B9DC1C967FAB00B83AC2 /* PBXContainerItemProxy */ = {
			isa = PBXContainerItemProxy;
			containerPortal = 3D94B9D41C967F4100B83AC2 /* mUPnP.xcodeproj */;
			proxyType = 1;
			remoteGlobalIDString = 2C9DD3281BF1B65500D222B5;
			remoteInfo = mUPnP;
		};
		3D94B9E21C967FE300B83AC2 /* PBXContainerItemProxy */ = {
			isa = PBXContainerItemProxy;
			containerPortal = 3D94B9DE1C967FE300B83AC2 /* mupnpiOS.xcodeproj */;
			proxyType = 2;
			remoteGlobalIDString = 2CFD56E81BF081A800F50EB9;
			remoteInfo = mupnpiOS;
		};
		3D94B9E41C96800000B83AC2 /* PBXContainerItemProxy */ = {
			isa = PBXContainerItemProxy;
			containerPortal = 3D94B9DE1C967FE300B83AC2 /* mupnpiOS.xcodeproj */;
			proxyType = 1;
			remoteGlobalIDString = 2CFD56E71BF081A800F50EB9;
			remoteInfo = mupnpiOS;
		};
/* End PBXContainerItemProxy section */

/* Begin PBXCopyFilesBuildPhase section */
		3D018C661C983C4B00063304 /* Embed Frameworks */ = {
			isa = PBXCopyFilesBuildPhase;
			buildActionMask = 2147483647;
			dstPath = "";
			dstSubfolderSpec = 10;
			files = (
				3D018C631C983C4B00063304 /* mUPnP.framework in Embed Frameworks */,
			);
			name = "Embed Frameworks";
			runOnlyForDeploymentPostprocessing = 0;
		};
/* End PBXCopyFilesBuildPhase section */

/* Begin PBXFileReference section */
		3D1B28BA1C8C841E00F07D4D /* NewTaskViewController.h */ = {isa = PBXFileReference; fileEncoding = 4; lastKnownFileType = sourcecode.c.h; path = NewTaskViewController.h; sourceTree = "<group>"; };
		3D1B28BB1C8C841E00F07D4D /* NewTaskViewController.m */ = {isa = PBXFileReference; fileEncoding = 4; lastKnownFileType = sourcecode.c.objc; path = NewTaskViewController.m; sourceTree = "<group>"; };
		3D1B28BD1C8D835300F07D4D /* NewTaskView.xib */ = {isa = PBXFileReference; fileEncoding = 4; lastKnownFileType = file.xib; path = NewTaskView.xib; sourceTree = "<group>"; };
		3D1D63FC1CA8EF3C00E3F40E /* ContainerViewController.h */ = {isa = PBXFileReference; fileEncoding = 4; lastKnownFileType = sourcecode.c.h; path = ContainerViewController.h; sourceTree = "<group>"; };
		3D1D63FD1CA8EF3C00E3F40E /* ContainerViewController.m */ = {isa = PBXFileReference; fileEncoding = 4; lastKnownFileType = sourcecode.c.objc; path = ContainerViewController.m; sourceTree = "<group>"; };
		3D1F228B1C4A3A6500A8BE8A /* TaskTableViewCell.h */ = {isa = PBXFileReference; fileEncoding = 4; lastKnownFileType = sourcecode.c.h; path = TaskTableViewCell.h; sourceTree = "<group>"; };
		3D1F228C1C4A3A6500A8BE8A /* TaskTableViewCell.m */ = {isa = PBXFileReference; fileEncoding = 4; lastKnownFileType = sourcecode.c.objc; path = TaskTableViewCell.m; sourceTree = "<group>"; };
		3D1F228F1C4A3A8100A8BE8A /* Base */ = {isa = PBXFileReference; lastKnownFileType = file.storyboard; name = Base; path = LaunchScreen.storyboard; sourceTree = "<group>"; };
		3D1F22911C4A3A8100A8BE8A /* Base */ = {isa = PBXFileReference; lastKnownFileType = file.storyboard; name = Base; path = Main.storyboard; sourceTree = "<group>"; };
		3D30C3F31C492F5C007234CF /* AppDelegate.h */ = {isa = PBXFileReference; fileEncoding = 4; lastKnownFileType = sourcecode.c.h; name = AppDelegate.h; path = Aria2Downloader/AppDelegate.h; sourceTree = "<group>"; };
		3D30C3F41C492F5C007234CF /* AppDelegate.mm */ = {isa = PBXFileReference; fileEncoding = 4; lastKnownFileType = sourcecode.cpp.objcpp; name = AppDelegate.mm; path = Aria2Downloader/AppDelegate.mm; sourceTree = "<group>"; };
		3D30C3F61C492F7C007234CF /* Assets.xcassets */ = {isa = PBXFileReference; lastKnownFileType = folder.assetcatalog; name = Assets.xcassets; path = Aria2Downloader/Assets.xcassets; sourceTree = "<group>"; };
		3D30C3FA1C492FB2007234CF /* Aria2.h */ = {isa = PBXFileReference; fileEncoding = 4; lastKnownFileType = sourcecode.c.h; path = Aria2.h; sourceTree = "<group>"; };
		3D30C3FB1C492FB2007234CF /* Aria2.m */ = {isa = PBXFileReference; fileEncoding = 4; lastKnownFileType = sourcecode.c.objc; path = Aria2.m; sourceTree = "<group>"; };
		3D30C3FC1C492FB2007234CF /* JsonRPC.h */ = {isa = PBXFileReference; fileEncoding = 4; lastKnownFileType = sourcecode.c.h; path = JsonRPC.h; sourceTree = "<group>"; };
		3D30C3FD1C492FB2007234CF /* JsonRPC.m */ = {isa = PBXFileReference; fileEncoding = 4; lastKnownFileType = sourcecode.c.objc; path = JsonRPC.m; sourceTree = "<group>"; };
		3D30C3FF1C492FB2007234CF /* Task.h */ = {isa = PBXFileReference; fileEncoding = 4; lastKnownFileType = sourcecode.c.h; path = Task.h; sourceTree = "<group>"; };
		3D30C4001C492FB2007234CF /* Task.m */ = {isa = PBXFileReference; fileEncoding = 4; lastKnownFileType = sourcecode.c.objc; path = Task.m; sourceTree = "<group>"; };
		3D30C4041C492FC7007234CF /* DownloadTableViewController.h */ = {isa = PBXFileReference; fileEncoding = 4; lastKnownFileType = sourcecode.c.h; path = DownloadTableViewController.h; sourceTree = "<group>"; };
		3D30C4051C492FC7007234CF /* DownloadTableViewController.m */ = {isa = PBXFileReference; fileEncoding = 4; lastKnownFileType = sourcecode.c.objc; path = DownloadTableViewController.m; sourceTree = "<group>"; };
		3D30C40B1C493007007234CF /* Info.plist */ = {isa = PBXFileReference; fileEncoding = 4; lastKnownFileType = text.plist.xml; name = Info.plist; path = Aria2Downloader/Info.plist; sourceTree = SOURCE_ROOT; };
		3D30C40F1C4930C3007234CF /* main.m */ = {isa = PBXFileReference; fileEncoding = 4; lastKnownFileType = sourcecode.c.objc; name = main.m; path = Aria2Downloader/main.m; sourceTree = "<group>"; };
		3D30C4141C49349E007234CF /* DFile.h */ = {isa = PBXFileReference; fileEncoding = 4; lastKnownFileType = sourcecode.c.h; path = DFile.h; sourceTree = "<group>"; };
		3D30C4151C49349E007234CF /* File.m */ = {isa = PBXFileReference; fileEncoding = 4; lastKnownFileType = sourcecode.c.objc; path = File.m; sourceTree = "<group>"; };
		3D51AC871C46A43000D39FA4 /* Aria2Downloader.app */ = {isa = PBXFileReference; explicitFileType = wrapper.application; includeInIndex = 0; path = Aria2Downloader.app; sourceTree = BUILT_PRODUCTS_DIR; };
		3D51ACA01C46A43000D39FA4 /* Aria2DownloaderTests.xctest */ = {isa = PBXFileReference; explicitFileType = wrapper.cfbundle; includeInIndex = 0; path = Aria2DownloaderTests.xctest; sourceTree = BUILT_PRODUCTS_DIR; };
		3D51ACA41C46A43000D39FA4 /* Aria2DownloaderTests.m */ = {isa = PBXFileReference; lastKnownFileType = sourcecode.c.objc; path = Aria2DownloaderTests.m; sourceTree = "<group>"; };
		3D51ACA61C46A43000D39FA4 /* Info.plist */ = {isa = PBXFileReference; lastKnownFileType = text.plist.xml; path = Info.plist; sourceTree = "<group>"; };
		3D51ACAB1C46A43000D39FA4 /* Aria2DownloaderUITests.xctest */ = {isa = PBXFileReference; explicitFileType = wrapper.cfbundle; includeInIndex = 0; path = Aria2DownloaderUITests.xctest; sourceTree = BUILT_PRODUCTS_DIR; };
		3D51ACAF1C46A43000D39FA4 /* Aria2DownloaderUITests.m */ = {isa = PBXFileReference; lastKnownFileType = sourcecode.c.objc; path = Aria2DownloaderUITests.m; sourceTree = "<group>"; };
		3D51ACB11C46A43000D39FA4 /* Info.plist */ = {isa = PBXFileReference; lastKnownFileType = text.plist.xml; path = Info.plist; sourceTree = "<group>"; };
		3D6A8BF11C88954F008B1277 /* UIView+extension.h */ = {isa = PBXFileReference; fileEncoding = 4; lastKnownFileType = sourcecode.c.h; path = "UIView+extension.h"; sourceTree = "<group>"; };
		3D6A8BF21C88954F008B1277 /* UIView+extension.m */ = {isa = PBXFileReference; fileEncoding = 4; lastKnownFileType = sourcecode.c.objc; path = "UIView+extension.m"; sourceTree = "<group>"; };
		3D6A8BF41C89DD29008B1277 /* ButtonTabBar.h */ = {isa = PBXFileReference; fileEncoding = 4; lastKnownFileType = sourcecode.c.h; path = ButtonTabBar.h; sourceTree = "<group>"; };
		3D6A8BF51C89DD29008B1277 /* ButtonTabBar.m */ = {isa = PBXFileReference; fileEncoding = 4; lastKnownFileType = sourcecode.c.objc; path = ButtonTabBar.m; sourceTree = "<group>"; };
		3D6A8BF71C89E4FF008B1277 /* AriaTabBarController.h */ = {isa = PBXFileReference; fileEncoding = 4; lastKnownFileType = sourcecode.c.h; path = AriaTabBarController.h; sourceTree = "<group>"; };
		3D6A8BF81C89E4FF008B1277 /* AriaTabBarController.m */ = {isa = PBXFileReference; fileEncoding = 4; lastKnownFileType = sourcecode.c.objc; path = AriaTabBarController.m; sourceTree = "<group>"; };
		3D6F662D1C95CECC002F3F6C /* UpnpDeviceTableViewController.h */ = {isa = PBXFileReference; fileEncoding = 4; lastKnownFileType = sourcecode.c.h; path = UpnpDeviceTableViewController.h; sourceTree = "<group>"; };
		3D6F662E1C95CECC002F3F6C /* UpnpDeviceTableViewController.m */ = {isa = PBXFileReference; fileEncoding = 4; lastKnownFileType = sourcecode.c.objc; path = UpnpDeviceTableViewController.m; sourceTree = "<group>"; };
		3D80A3AF1C91A54E009B630F /* Uri.h */ = {isa = PBXFileReference; fileEncoding = 4; lastKnownFileType = sourcecode.c.h; path = Uri.h; sourceTree = "<group>"; };
		3D80A3B01C91A54E009B630F /* Uri.m */ = {isa = PBXFileReference; fileEncoding = 4; lastKnownFileType = sourcecode.c.objc; path = Uri.m; sourceTree = "<group>"; };
		3D82118A1CA1A7BC00A7032A /* avcodec.h */ = {isa = PBXFileReference; fileEncoding = 4; lastKnownFileType = sourcecode.c.h; path = avcodec.h; sourceTree = "<group>"; };
		3D82118B1CA1A7BC00A7032A /* avdct.h */ = {isa = PBXFileReference; fileEncoding = 4; lastKnownFileType = sourcecode.c.h; path = avdct.h; sourceTree = "<group>"; };
		3D82118C1CA1A7BC00A7032A /* avfft.h */ = {isa = PBXFileReference; fileEncoding = 4; lastKnownFileType = sourcecode.c.h; path = avfft.h; sourceTree = "<group>"; };
		3D82118D1CA1A7BC00A7032A /* d3d11va.h */ = {isa = PBXFileReference; fileEncoding = 4; lastKnownFileType = sourcecode.c.h; path = d3d11va.h; sourceTree = "<group>"; };
		3D82118E1CA1A7BC00A7032A /* dirac.h */ = {isa = PBXFileReference; fileEncoding = 4; lastKnownFileType = sourcecode.c.h; path = dirac.h; sourceTree = "<group>"; };
		3D82118F1CA1A7BC00A7032A /* dv_profile.h */ = {isa = PBXFileReference; fileEncoding = 4; lastKnownFileType = sourcecode.c.h; path = dv_profile.h; sourceTree = "<group>"; };
		3D8211901CA1A7BC00A7032A /* dxva2.h */ = {isa = PBXFileReference; fileEncoding = 4; lastKnownFileType = sourcecode.c.h; path = dxva2.h; sourceTree = "<group>"; };
		3D8211911CA1A7BC00A7032A /* qsv.h */ = {isa = PBXFileReference; fileEncoding = 4; lastKnownFileType = sourcecode.c.h; path = qsv.h; sourceTree = "<group>"; };
		3D8211921CA1A7BC00A7032A /* vaapi.h */ = {isa = PBXFileReference; fileEncoding = 4; lastKnownFileType = sourcecode.c.h; path = vaapi.h; sourceTree = "<group>"; };
		3D8211931CA1A7BC00A7032A /* vda.h */ = {isa = PBXFileReference; fileEncoding = 4; lastKnownFileType = sourcecode.c.h; path = vda.h; sourceTree = "<group>"; };
		3D8211941CA1A7BC00A7032A /* vdpau.h */ = {isa = PBXFileReference; fileEncoding = 4; lastKnownFileType = sourcecode.c.h; path = vdpau.h; sourceTree = "<group>"; };
		3D8211951CA1A7BC00A7032A /* version.h */ = {isa = PBXFileReference; fileEncoding = 4; lastKnownFileType = sourcecode.c.h; path = version.h; sourceTree = "<group>"; };
		3D8211961CA1A7BC00A7032A /* videotoolbox.h */ = {isa = PBXFileReference; fileEncoding = 4; lastKnownFileType = sourcecode.c.h; path = videotoolbox.h; sourceTree = "<group>"; };
		3D8211971CA1A7BC00A7032A /* vorbis_parser.h */ = {isa = PBXFileReference; fileEncoding = 4; lastKnownFileType = sourcecode.c.h; path = vorbis_parser.h; sourceTree = "<group>"; };
		3D8211981CA1A7BC00A7032A /* xvmc.h */ = {isa = PBXFileReference; fileEncoding = 4; lastKnownFileType = sourcecode.c.h; path = xvmc.h; sourceTree = "<group>"; };
		3D82119A1CA1A7BC00A7032A /* avdevice.h */ = {isa = PBXFileReference; fileEncoding = 4; lastKnownFileType = sourcecode.c.h; path = avdevice.h; sourceTree = "<group>"; };
		3D82119B1CA1A7BC00A7032A /* version.h */ = {isa = PBXFileReference; fileEncoding = 4; lastKnownFileType = sourcecode.c.h; path = version.h; sourceTree = "<group>"; };
		3D82119D1CA1A7BC00A7032A /* avfilter.h */ = {isa = PBXFileReference; fileEncoding = 4; lastKnownFileType = sourcecode.c.h; path = avfilter.h; sourceTree = "<group>"; };
		3D82119E1CA1A7BC00A7032A /* avfiltergraph.h */ = {isa = PBXFileReference; fileEncoding = 4; lastKnownFileType = sourcecode.c.h; path = avfiltergraph.h; sourceTree = "<group>"; };
		3D82119F1CA1A7BC00A7032A /* buffersink.h */ = {isa = PBXFileReference; fileEncoding = 4; lastKnownFileType = sourcecode.c.h; path = buffersink.h; sourceTree = "<group>"; };
		3D8211A01CA1A7BC00A7032A /* buffersrc.h */ = {isa = PBXFileReference; fileEncoding = 4; lastKnownFileType = sourcecode.c.h; path = buffersrc.h; sourceTree = "<group>"; };
		3D8211A11CA1A7BC00A7032A /* version.h */ = {isa = PBXFileReference; fileEncoding = 4; lastKnownFileType = sourcecode.c.h; path = version.h; sourceTree = "<group>"; };
		3D8211A31CA1A7BC00A7032A /* avformat.h */ = {isa = PBXFileReference; fileEncoding = 4; lastKnownFileType = sourcecode.c.h; path = avformat.h; sourceTree = "<group>"; };
		3D8211A41CA1A7BC00A7032A /* avio.h */ = {isa = PBXFileReference; fileEncoding = 4; lastKnownFileType = sourcecode.c.h; path = avio.h; sourceTree = "<group>"; };
		3D8211A51CA1A7BC00A7032A /* version.h */ = {isa = PBXFileReference; fileEncoding = 4; lastKnownFileType = sourcecode.c.h; path = version.h; sourceTree = "<group>"; };
		3D8211A71CA1A7BC00A7032A /* adler32.h */ = {isa = PBXFileReference; fileEncoding = 4; lastKnownFileType = sourcecode.c.h; path = adler32.h; sourceTree = "<group>"; };
		3D8211A81CA1A7BC00A7032A /* aes.h */ = {isa = PBXFileReference; fileEncoding = 4; lastKnownFileType = sourcecode.c.h; path = aes.h; sourceTree = "<group>"; };
		3D8211A91CA1A7BC00A7032A /* aes_ctr.h */ = {isa = PBXFileReference; fileEncoding = 4; lastKnownFileType = sourcecode.c.h; path = aes_ctr.h; sourceTree = "<group>"; };
		3D8211AA1CA1A7BC00A7032A /* attributes.h */ = {isa = PBXFileReference; fileEncoding = 4; lastKnownFileType = sourcecode.c.h; path = attributes.h; sourceTree = "<group>"; };
		3D8211AB1CA1A7BC00A7032A /* audio_fifo.h */ = {isa = PBXFileReference; fileEncoding = 4; lastKnownFileType = sourcecode.c.h; path = audio_fifo.h; sourceTree = "<group>"; };
		3D8211AC1CA1A7BC00A7032A /* avassert.h */ = {isa = PBXFileReference; fileEncoding = 4; lastKnownFileType = sourcecode.c.h; path = avassert.h; sourceTree = "<group>"; };
		3D8211AD1CA1A7BC00A7032A /* avconfig.h */ = {isa = PBXFileReference; fileEncoding = 4; lastKnownFileType = sourcecode.c.h; path = avconfig.h; sourceTree = "<group>"; };
		3D8211AE1CA1A7BC00A7032A /* avstring.h */ = {isa = PBXFileReference; fileEncoding = 4; lastKnownFileType = sourcecode.c.h; path = avstring.h; sourceTree = "<group>"; };
		3D8211AF1CA1A7BC00A7032A /* avutil.h */ = {isa = PBXFileReference; fileEncoding = 4; lastKnownFileType = sourcecode.c.h; path = avutil.h; sourceTree = "<group>"; };
		3D8211B01CA1A7BC00A7032A /* base64.h */ = {isa = PBXFileReference; fileEncoding = 4; lastKnownFileType = sourcecode.c.h; path = base64.h; sourceTree = "<group>"; };
		3D8211B11CA1A7BC00A7032A /* blowfish.h */ = {isa = PBXFileReference; fileEncoding = 4; lastKnownFileType = sourcecode.c.h; path = blowfish.h; sourceTree = "<group>"; };
		3D8211B21CA1A7BC00A7032A /* bprint.h */ = {isa = PBXFileReference; fileEncoding = 4; lastKnownFileType = sourcecode.c.h; path = bprint.h; sourceTree = "<group>"; };
		3D8211B31CA1A7BC00A7032A /* bswap.h */ = {isa = PBXFileReference; fileEncoding = 4; lastKnownFileType = sourcecode.c.h; path = bswap.h; sourceTree = "<group>"; };
		3D8211B41CA1A7BC00A7032A /* buffer.h */ = {isa = PBXFileReference; fileEncoding = 4; lastKnownFileType = sourcecode.c.h; path = buffer.h; sourceTree = "<group>"; };
		3D8211B51CA1A7BC00A7032A /* camellia.h */ = {isa = PBXFileReference; fileEncoding = 4; lastKnownFileType = sourcecode.c.h; path = camellia.h; sourceTree = "<group>"; };
		3D8211B61CA1A7BC00A7032A /* cast5.h */ = {isa = PBXFileReference; fileEncoding = 4; lastKnownFileType = sourcecode.c.h; path = cast5.h; sourceTree = "<group>"; };
		3D8211B71CA1A7BC00A7032A /* channel_layout.h */ = {isa = PBXFileReference; fileEncoding = 4; lastKnownFileType = sourcecode.c.h; path = channel_layout.h; sourceTree = "<group>"; };
		3D8211B81CA1A7BC00A7032A /* common.h */ = {isa = PBXFileReference; fileEncoding = 4; lastKnownFileType = sourcecode.c.h; path = common.h; sourceTree = "<group>"; };
		3D8211B91CA1A7BC00A7032A /* cpu.h */ = {isa = PBXFileReference; fileEncoding = 4; lastKnownFileType = sourcecode.c.h; path = cpu.h; sourceTree = "<group>"; };
		3D8211BA1CA1A7BC00A7032A /* crc.h */ = {isa = PBXFileReference; fileEncoding = 4; lastKnownFileType = sourcecode.c.h; path = crc.h; sourceTree = "<group>"; };
		3D8211BB1CA1A7BC00A7032A /* des.h */ = {isa = PBXFileReference; fileEncoding = 4; lastKnownFileType = sourcecode.c.h; path = des.h; sourceTree = "<group>"; };
		3D8211BC1CA1A7BC00A7032A /* dict.h */ = {isa = PBXFileReference; fileEncoding = 4; lastKnownFileType = sourcecode.c.h; path = dict.h; sourceTree = "<group>"; };
		3D8211BD1CA1A7BC00A7032A /* display.h */ = {isa = PBXFileReference; fileEncoding = 4; lastKnownFileType = sourcecode.c.h; path = display.h; sourceTree = "<group>"; };
		3D8211BE1CA1A7BC00A7032A /* downmix_info.h */ = {isa = PBXFileReference; fileEncoding = 4; lastKnownFileType = sourcecode.c.h; path = downmix_info.h; sourceTree = "<group>"; };
		3D8211BF1CA1A7BC00A7032A /* error.h */ = {isa = PBXFileReference; fileEncoding = 4; lastKnownFileType = sourcecode.c.h; path = error.h; sourceTree = "<group>"; };
		3D8211C01CA1A7BC00A7032A /* eval.h */ = {isa = PBXFileReference; fileEncoding = 4; lastKnownFileType = sourcecode.c.h; path = eval.h; sourceTree = "<group>"; };
		3D8211C11CA1A7BC00A7032A /* ffversion.h */ = {isa = PBXFileReference; fileEncoding = 4; lastKnownFileType = sourcecode.c.h; path = ffversion.h; sourceTree = "<group>"; };
		3D8211C21CA1A7BC00A7032A /* fifo.h */ = {isa = PBXFileReference; fileEncoding = 4; lastKnownFileType = sourcecode.c.h; path = fifo.h; sourceTree = "<group>"; };
		3D8211C31CA1A7BC00A7032A /* file.h */ = {isa = PBXFileReference; fileEncoding = 4; lastKnownFileType = sourcecode.c.h; path = file.h; sourceTree = "<group>"; };
		3D8211C41CA1A7BC00A7032A /* frame.h */ = {isa = PBXFileReference; fileEncoding = 4; lastKnownFileType = sourcecode.c.h; path = frame.h; sourceTree = "<group>"; };
		3D8211C51CA1A7BC00A7032A /* hash.h */ = {isa = PBXFileReference; fileEncoding = 4; lastKnownFileType = sourcecode.c.h; path = hash.h; sourceTree = "<group>"; };
		3D8211C61CA1A7BC00A7032A /* hmac.h */ = {isa = PBXFileReference; fileEncoding = 4; lastKnownFileType = sourcecode.c.h; path = hmac.h; sourceTree = "<group>"; };
		3D8211C71CA1A7BC00A7032A /* imgutils.h */ = {isa = PBXFileReference; fileEncoding = 4; lastKnownFileType = sourcecode.c.h; path = imgutils.h; sourceTree = "<group>"; };
		3D8211C81CA1A7BC00A7032A /* intfloat.h */ = {isa = PBXFileReference; fileEncoding = 4; lastKnownFileType = sourcecode.c.h; path = intfloat.h; sourceTree = "<group>"; };
		3D8211C91CA1A7BC00A7032A /* intreadwrite.h */ = {isa = PBXFileReference; fileEncoding = 4; lastKnownFileType = sourcecode.c.h; path = intreadwrite.h; sourceTree = "<group>"; };
		3D8211CA1CA1A7BC00A7032A /* lfg.h */ = {isa = PBXFileReference; fileEncoding = 4; lastKnownFileType = sourcecode.c.h; path = lfg.h; sourceTree = "<group>"; };
		3D8211CB1CA1A7BC00A7032A /* log.h */ = {isa = PBXFileReference; fileEncoding = 4; lastKnownFileType = sourcecode.c.h; path = log.h; sourceTree = "<group>"; };
		3D8211CC1CA1A7BC00A7032A /* lzo.h */ = {isa = PBXFileReference; fileEncoding = 4; lastKnownFileType = sourcecode.c.h; path = lzo.h; sourceTree = "<group>"; };
		3D8211CD1CA1A7BC00A7032A /* macros.h */ = {isa = PBXFileReference; fileEncoding = 4; lastKnownFileType = sourcecode.c.h; path = macros.h; sourceTree = "<group>"; };
		3D8211CE1CA1A7BC00A7032A /* mastering_display_metadata.h */ = {isa = PBXFileReference; fileEncoding = 4; lastKnownFileType = sourcecode.c.h; path = mastering_display_metadata.h; sourceTree = "<group>"; };
		3D8211CF1CA1A7BC00A7032A /* mathematics.h */ = {isa = PBXFileReference; fileEncoding = 4; lastKnownFileType = sourcecode.c.h; path = mathematics.h; sourceTree = "<group>"; };
		3D8211D01CA1A7BC00A7032A /* md5.h */ = {isa = PBXFileReference; fileEncoding = 4; lastKnownFileType = sourcecode.c.h; path = md5.h; sourceTree = "<group>"; };
		3D8211D11CA1A7BC00A7032A /* mem.h */ = {isa = PBXFileReference; fileEncoding = 4; lastKnownFileType = sourcecode.c.h; path = mem.h; sourceTree = "<group>"; };
		3D8211D21CA1A7BC00A7032A /* motion_vector.h */ = {isa = PBXFileReference; fileEncoding = 4; lastKnownFileType = sourcecode.c.h; path = motion_vector.h; sourceTree = "<group>"; };
		3D8211D31CA1A7BC00A7032A /* murmur3.h */ = {isa = PBXFileReference; fileEncoding = 4; lastKnownFileType = sourcecode.c.h; path = murmur3.h; sourceTree = "<group>"; };
		3D8211D41CA1A7BC00A7032A /* opt.h */ = {isa = PBXFileReference; fileEncoding = 4; lastKnownFileType = sourcecode.c.h; path = opt.h; sourceTree = "<group>"; };
		3D8211D51CA1A7BC00A7032A /* parseutils.h */ = {isa = PBXFileReference; fileEncoding = 4; lastKnownFileType = sourcecode.c.h; path = parseutils.h; sourceTree = "<group>"; };
		3D8211D61CA1A7BC00A7032A /* pixdesc.h */ = {isa = PBXFileReference; fileEncoding = 4; lastKnownFileType = sourcecode.c.h; path = pixdesc.h; sourceTree = "<group>"; };
		3D8211D71CA1A7BC00A7032A /* pixelutils.h */ = {isa = PBXFileReference; fileEncoding = 4; lastKnownFileType = sourcecode.c.h; path = pixelutils.h; sourceTree = "<group>"; };
		3D8211D81CA1A7BC00A7032A /* pixfmt.h */ = {isa = PBXFileReference; fileEncoding = 4; lastKnownFileType = sourcecode.c.h; path = pixfmt.h; sourceTree = "<group>"; };
		3D8211D91CA1A7BC00A7032A /* random_seed.h */ = {isa = PBXFileReference; fileEncoding = 4; lastKnownFileType = sourcecode.c.h; path = random_seed.h; sourceTree = "<group>"; };
		3D8211DA1CA1A7BC00A7032A /* rational.h */ = {isa = PBXFileReference; fileEncoding = 4; lastKnownFileType = sourcecode.c.h; path = rational.h; sourceTree = "<group>"; };
		3D8211DB1CA1A7BC00A7032A /* rc4.h */ = {isa = PBXFileReference; fileEncoding = 4; lastKnownFileType = sourcecode.c.h; path = rc4.h; sourceTree = "<group>"; };
		3D8211DC1CA1A7BC00A7032A /* replaygain.h */ = {isa = PBXFileReference; fileEncoding = 4; lastKnownFileType = sourcecode.c.h; path = replaygain.h; sourceTree = "<group>"; };
		3D8211DD1CA1A7BC00A7032A /* ripemd.h */ = {isa = PBXFileReference; fileEncoding = 4; lastKnownFileType = sourcecode.c.h; path = ripemd.h; sourceTree = "<group>"; };
		3D8211DE1CA1A7BC00A7032A /* samplefmt.h */ = {isa = PBXFileReference; fileEncoding = 4; lastKnownFileType = sourcecode.c.h; path = samplefmt.h; sourceTree = "<group>"; };
		3D8211DF1CA1A7BC00A7032A /* sha.h */ = {isa = PBXFileReference; fileEncoding = 4; lastKnownFileType = sourcecode.c.h; path = sha.h; sourceTree = "<group>"; };
		3D8211E01CA1A7BC00A7032A /* sha512.h */ = {isa = PBXFileReference; fileEncoding = 4; lastKnownFileType = sourcecode.c.h; path = sha512.h; sourceTree = "<group>"; };
		3D8211E11CA1A7BC00A7032A /* stereo3d.h */ = {isa = PBXFileReference; fileEncoding = 4; lastKnownFileType = sourcecode.c.h; path = stereo3d.h; sourceTree = "<group>"; };
		3D8211E21CA1A7BC00A7032A /* tea.h */ = {isa = PBXFileReference; fileEncoding = 4; lastKnownFileType = sourcecode.c.h; path = tea.h; sourceTree = "<group>"; };
		3D8211E31CA1A7BC00A7032A /* threadmessage.h */ = {isa = PBXFileReference; fileEncoding = 4; lastKnownFileType = sourcecode.c.h; path = threadmessage.h; sourceTree = "<group>"; };
		3D8211E41CA1A7BC00A7032A /* time.h */ = {isa = PBXFileReference; fileEncoding = 4; lastKnownFileType = sourcecode.c.h; path = time.h; sourceTree = "<group>"; };
		3D8211E51CA1A7BC00A7032A /* timecode.h */ = {isa = PBXFileReference; fileEncoding = 4; lastKnownFileType = sourcecode.c.h; path = timecode.h; sourceTree = "<group>"; };
		3D8211E61CA1A7BC00A7032A /* timestamp.h */ = {isa = PBXFileReference; fileEncoding = 4; lastKnownFileType = sourcecode.c.h; path = timestamp.h; sourceTree = "<group>"; };
		3D8211E71CA1A7BC00A7032A /* tree.h */ = {isa = PBXFileReference; fileEncoding = 4; lastKnownFileType = sourcecode.c.h; path = tree.h; sourceTree = "<group>"; };
		3D8211E81CA1A7BC00A7032A /* twofish.h */ = {isa = PBXFileReference; fileEncoding = 4; lastKnownFileType = sourcecode.c.h; path = twofish.h; sourceTree = "<group>"; };
		3D8211E91CA1A7BC00A7032A /* version.h */ = {isa = PBXFileReference; fileEncoding = 4; lastKnownFileType = sourcecode.c.h; path = version.h; sourceTree = "<group>"; };
		3D8211EA1CA1A7BC00A7032A /* xtea.h */ = {isa = PBXFileReference; fileEncoding = 4; lastKnownFileType = sourcecode.c.h; path = xtea.h; sourceTree = "<group>"; };
		3D8211EC1CA1A7BC00A7032A /* swresample.h */ = {isa = PBXFileReference; fileEncoding = 4; lastKnownFileType = sourcecode.c.h; path = swresample.h; sourceTree = "<group>"; };
		3D8211ED1CA1A7BC00A7032A /* version.h */ = {isa = PBXFileReference; fileEncoding = 4; lastKnownFileType = sourcecode.c.h; path = version.h; sourceTree = "<group>"; };
		3D8211EF1CA1A7BC00A7032A /* swscale.h */ = {isa = PBXFileReference; fileEncoding = 4; lastKnownFileType = sourcecode.c.h; path = swscale.h; sourceTree = "<group>"; };
		3D8211F01CA1A7BC00A7032A /* version.h */ = {isa = PBXFileReference; fileEncoding = 4; lastKnownFileType = sourcecode.c.h; path = version.h; sourceTree = "<group>"; };
		3D8211F21CA1A7BC00A7032A /* libavcodec.a */ = {isa = PBXFileReference; lastKnownFileType = archive.ar; path = libavcodec.a; sourceTree = "<group>"; };
		3D8211F31CA1A7BC00A7032A /* libavdevice.a */ = {isa = PBXFileReference; lastKnownFileType = archive.ar; path = libavdevice.a; sourceTree = "<group>"; };
		3D8211F41CA1A7BC00A7032A /* libavfilter.a */ = {isa = PBXFileReference; lastKnownFileType = archive.ar; path = libavfilter.a; sourceTree = "<group>"; };
		3D8211F51CA1A7BC00A7032A /* libavformat.a */ = {isa = PBXFileReference; lastKnownFileType = archive.ar; path = libavformat.a; sourceTree = "<group>"; };
		3D8211F61CA1A7BC00A7032A /* libavutil.a */ = {isa = PBXFileReference; lastKnownFileType = archive.ar; path = libavutil.a; sourceTree = "<group>"; };
		3D8211F71CA1A7BC00A7032A /* libswresample.a */ = {isa = PBXFileReference; lastKnownFileType = archive.ar; path = libswresample.a; sourceTree = "<group>"; };
		3D8211F81CA1A7BC00A7032A /* libswscale.a */ = {isa = PBXFileReference; lastKnownFileType = archive.ar; path = libswscale.a; sourceTree = "<group>"; };
		3D8212001CA1A89F00A7032A /* libz.tbd */ = {isa = PBXFileReference; lastKnownFileType = "sourcecode.text-based-dylib-definition"; name = libz.tbd; path = usr/lib/libz.tbd; sourceTree = SDKROOT; };
		3D8212021CA1A8AF00A7032A /* libbz2.tbd */ = {isa = PBXFileReference; lastKnownFileType = "sourcecode.text-based-dylib-definition"; name = libbz2.tbd; path = usr/lib/libbz2.tbd; sourceTree = SDKROOT; };
		3D8212041CA1A8C800A7032A /* libiconv.tbd */ = {isa = PBXFileReference; lastKnownFileType = "sourcecode.text-based-dylib-definition"; name = libiconv.tbd; path = usr/lib/libiconv.tbd; sourceTree = SDKROOT; };
		3D8212061CA1B29D00A7032A /* VideoToolbox.framework */ = {isa = PBXFileReference; lastKnownFileType = wrapper.framework; name = VideoToolbox.framework; path = System/Library/Frameworks/VideoToolbox.framework; sourceTree = SDKROOT; };
		3D94B9D41C967F4100B83AC2 /* mUPnP.xcodeproj */ = {isa = PBXFileReference; lastKnownFileType = "wrapper.pb-project"; name = mUPnP.xcodeproj; path = ../mupnpc/wrapper/objc/iOS/mUPnP/mUPnP.xcodeproj; sourceTree = "<group>"; };
		3D94B9DE1C967FE300B83AC2 /* mupnpiOS.xcodeproj */ = {isa = PBXFileReference; lastKnownFileType = "wrapper.pb-project"; name = mupnpiOS.xcodeproj; path = ../mupnpc/lib/mupnpiOS/mupnpiOS.xcodeproj; sourceTree = "<group>"; };
		3D94B9F01C96B2BA00B83AC2 /* UpnpServerContentTableViewController.h */ = {isa = PBXFileReference; fileEncoding = 4; lastKnownFileType = sourcecode.c.h; path = UpnpServerContentTableViewController.h; sourceTree = "<group>"; };
		3D94B9F11C96B2BA00B83AC2 /* UpnpServerContentTableViewController.m */ = {isa = PBXFileReference; fileEncoding = 4; lastKnownFileType = sourcecode.c.objc; path = UpnpServerContentTableViewController.m; sourceTree = "<group>"; };
		3D94B9F31C96E3BA00B83AC2 /* DLNAPlaybackViewController.h */ = {isa = PBXFileReference; fileEncoding = 4; lastKnownFileType = sourcecode.c.h; path = DLNAPlaybackViewController.h; sourceTree = "<group>"; };
		3D94B9F41C96E3BA00B83AC2 /* DLNAPlaybackViewController.m */ = {isa = PBXFileReference; fileEncoding = 4; lastKnownFileType = sourcecode.c.objc; path = DLNAPlaybackViewController.m; sourceTree = "<group>"; };
		3DD6052F1CA6595F00CCA6FA /* SiderViewController.h */ = {isa = PBXFileReference; fileEncoding = 4; lastKnownFileType = sourcecode.c.h; path = SiderViewController.h; sourceTree = "<group>"; };
		3DD605301CA6595F00CCA6FA /* SiderViewController.m */ = {isa = PBXFileReference; fileEncoding = 4; lastKnownFileType = sourcecode.c.objc; path = SiderViewController.m; sourceTree = "<group>"; };
		3DE7613B1C9328A000CEBCC1 /* UpDownButton.h */ = {isa = PBXFileReference; fileEncoding = 4; lastKnownFileType = sourcecode.c.h; path = UpDownButton.h; sourceTree = "<group>"; };
		3DE7613C1C9328A000CEBCC1 /* UpDownButton.m */ = {isa = PBXFileReference; fileEncoding = 4; lastKnownFileType = sourcecode.c.objc; path = UpDownButton.m; sourceTree = "<group>"; };
		3DFD767C1C94572F00FC68B2 /* SegmentNavigationController.h */ = {isa = PBXFileReference; fileEncoding = 4; lastKnownFileType = sourcecode.c.h; path = SegmentNavigationController.h; sourceTree = "<group>"; };
		3DFD767D1C94572F00FC68B2 /* SegmentNavigationController.m */ = {isa = PBXFileReference; fileEncoding = 4; lastKnownFileType = sourcecode.c.objc; path = SegmentNavigationController.m; sourceTree = "<group>"; };
		3DFD76821C9474B400FC68B2 /* MainScrollViewController.h */ = {isa = PBXFileReference; fileEncoding = 4; lastKnownFileType = sourcecode.c.h; path = MainScrollViewController.h; sourceTree = "<group>"; };
		3DFD76831C9474B400FC68B2 /* MainScrollViewController.m */ = {isa = PBXFileReference; fileEncoding = 4; lastKnownFileType = sourcecode.c.objc; path = MainScrollViewController.m; sourceTree = "<group>"; };
		744CEC635BE57811D13000AF /* libPods.a */ = {isa = PBXFileReference; explicitFileType = archive.ar; includeInIndex = 0; path = libPods.a; sourceTree = BUILT_PRODUCTS_DIR; };
		923B92FACAC7CDAD945FD076 /* Pods.release.xcconfig */ = {isa = PBXFileReference; includeInIndex = 1; lastKnownFileType = text.xcconfig; name = Pods.release.xcconfig; path = "Pods/Target Support Files/Pods/Pods.release.xcconfig"; sourceTree = "<group>"; };
		E56ECB8BD6A6B1D9696C6264 /* Pods.debug.xcconfig */ = {isa = PBXFileReference; includeInIndex = 1; lastKnownFileType = text.xcconfig; name = Pods.debug.xcconfig; path = "Pods/Target Support Files/Pods/Pods.debug.xcconfig"; sourceTree = "<group>"; };
/* End PBXFileReference section */

/* Begin PBXFrameworksBuildPhase section */
		3D51AC841C46A43000D39FA4 /* Frameworks */ = {
			isa = PBXFrameworksBuildPhase;
			buildActionMask = 2147483647;
			files = (
				3D8212081CA1B49000A7032A /* VideoToolbox.framework in Frameworks */,
				3D8212051CA1A8C800A7032A /* libiconv.tbd in Frameworks */,
				3D8212031CA1A8AF00A7032A /* libbz2.tbd in Frameworks */,
				3D8212011CA1A89F00A7032A /* libz.tbd in Frameworks */,
				3D8211FD1CA1A7BC00A7032A /* libavutil.a in Frameworks */,
				3D018C611C982C3100063304 /* libmupnpiOS.a in Frameworks */,
				3D8211FF1CA1A7BD00A7032A /* libswscale.a in Frameworks */,
				3D94B9E61C96805D00B83AC2 /* mUPnP.framework in Frameworks */,
				3D8211F91CA1A7BC00A7032A /* libavcodec.a in Frameworks */,
				3D8211FC1CA1A7BC00A7032A /* libavformat.a in Frameworks */,
				3D8211FB1CA1A7BC00A7032A /* libavfilter.a in Frameworks */,
				3D8211FE1CA1A7BC00A7032A /* libswresample.a in Frameworks */,
				C9514EC2A7255CC1EE704C2D /* libPods.a in Frameworks */,
				3D8211FA1CA1A7BC00A7032A /* libavdevice.a in Frameworks */,
				3D018C621C983C4B00063304 /* mUPnP.framework in Frameworks */,
			);
			runOnlyForDeploymentPostprocessing = 0;
		};
		3D51AC9D1C46A43000D39FA4 /* Frameworks */ = {
			isa = PBXFrameworksBuildPhase;
			buildActionMask = 2147483647;
			files = (
			);
			runOnlyForDeploymentPostprocessing = 0;
		};
		3D51ACA81C46A43000D39FA4 /* Frameworks */ = {
			isa = PBXFrameworksBuildPhase;
			buildActionMask = 2147483647;
			files = (
			);
			runOnlyForDeploymentPostprocessing = 0;
		};
/* End PBXFrameworksBuildPhase section */

/* Begin PBXGroup section */
		3D0D5D5C1C492D9E004D682A /* Aria2Downloader */ = {
			isa = PBXGroup;
			children = (
				3D8211871CA1A7BC00A7032A /* FFmepeg-iOS */,
				3D6A8BF01C88954F008B1277 /* Category */,
				3DCCBDDD1C9EF3D2002582B6 /* Download */,
				3DCCBDDE1C9EF413002582B6 /* Upnp */,
				3DCCBDDF1C9EF453002582B6 /* NewTask */,
				3DCCBDE01C9EF752002582B6 /* Other */,
				3D30C3F91C492FB2007234CF /* aria2 */,
				3D0D5D601C492E36004D682A /* Supporting Files */,
			);
			name = Aria2Downloader;
			sourceTree = "<group>";
		};
		3D0D5D601C492E36004D682A /* Supporting Files */ = {
			isa = PBXGroup;
			children = (
				3D30C3F61C492F7C007234CF /* Assets.xcassets */,
				3D30C3F81C492F8D007234CF /* Base.lproj */,
				3D30C40F1C4930C3007234CF /* main.m */,
				3D30C3F31C492F5C007234CF /* AppDelegate.h */,
				3D30C3F41C492F5C007234CF /* AppDelegate.mm */,
			);
			name = "Supporting Files";
			sourceTree = "<group>";
		};
		3D30C3F81C492F8D007234CF /* Base.lproj */ = {
			isa = PBXGroup;
			children = (
				3D1F228E1C4A3A8100A8BE8A /* LaunchScreen.storyboard */,
				3D1F22901C4A3A8100A8BE8A /* Main.storyboard */,
				3D30C40B1C493007007234CF /* Info.plist */,
			);
			name = Base.lproj;
			path = Aria2Downloader/Base.lproj;
			sourceTree = "<group>";
		};
		3D30C3F91C492FB2007234CF /* aria2 */ = {
			isa = PBXGroup;
			children = (
				3D30C3FA1C492FB2007234CF /* Aria2.h */,
				3D30C3FB1C492FB2007234CF /* Aria2.m */,
				3D30C3FC1C492FB2007234CF /* JsonRPC.h */,
				3D30C3FD1C492FB2007234CF /* JsonRPC.m */,
				3D30C3FE1C492FB2007234CF /* Model */,
			);
			name = aria2;
			path = Aria2Downloader/aria2;
			sourceTree = "<group>";
		};
		3D30C3FE1C492FB2007234CF /* Model */ = {
			isa = PBXGroup;
			children = (
				3D30C3FF1C492FB2007234CF /* Task.h */,
				3D30C4001C492FB2007234CF /* Task.m */,
				3D30C4141C49349E007234CF /* DFile.h */,
				3D30C4151C49349E007234CF /* File.m */,
				3D80A3AF1C91A54E009B630F /* Uri.h */,
				3D80A3B01C91A54E009B630F /* Uri.m */,
			);
			path = Model;
			sourceTree = "<group>";
		};
		3D51AC7E1C46A43000D39FA4 = {
			isa = PBXGroup;
			children = (
				3D0D5D5C1C492D9E004D682A /* Aria2Downloader */,
				3D51ACA31C46A43000D39FA4 /* Aria2DownloaderTests */,
				3D51ACAE1C46A43000D39FA4 /* Aria2DownloaderUITests */,
				3D51AC881C46A43000D39FA4 /* Products */,
				78EF3EE12927540D25AA71B1 /* Pods */,
				81BE53EED3AA1AED31517AF6 /* Frameworks */,
			);
			sourceTree = "<group>";
		};
		3D51AC881C46A43000D39FA4 /* Products */ = {
			isa = PBXGroup;
			children = (
				3D51AC871C46A43000D39FA4 /* Aria2Downloader.app */,
				3D51ACA01C46A43000D39FA4 /* Aria2DownloaderTests.xctest */,
				3D51ACAB1C46A43000D39FA4 /* Aria2DownloaderUITests.xctest */,
			);
			name = Products;
			sourceTree = "<group>";
		};
		3D51ACA31C46A43000D39FA4 /* Aria2DownloaderTests */ = {
			isa = PBXGroup;
			children = (
				3D51ACA41C46A43000D39FA4 /* Aria2DownloaderTests.m */,
				3D51ACA61C46A43000D39FA4 /* Info.plist */,
			);
			path = Aria2DownloaderTests;
			sourceTree = "<group>";
		};
		3D51ACAE1C46A43000D39FA4 /* Aria2DownloaderUITests */ = {
			isa = PBXGroup;
			children = (
				3D51ACAF1C46A43000D39FA4 /* Aria2DownloaderUITests.m */,
				3D51ACB11C46A43000D39FA4 /* Info.plist */,
			);
			path = Aria2DownloaderUITests;
			sourceTree = "<group>";
		};
		3D6A8BF01C88954F008B1277 /* Category */ = {
			isa = PBXGroup;
			children = (
				3D6A8BF11C88954F008B1277 /* UIView+extension.h */,
				3D6A8BF21C88954F008B1277 /* UIView+extension.m */,
			);
			name = Category;
			path = Aria2Downloader/Category;
			sourceTree = "<group>";
		};
		3D8211871CA1A7BC00A7032A /* FFmepeg-iOS */ = {
			isa = PBXGroup;
			children = (
				3D8211881CA1A7BC00A7032A /* include */,
				3D8211F11CA1A7BC00A7032A /* lib */,
			);
			name = "FFmepeg-iOS";
			path = "Aria2Downloader/FFmpeg-iOS";
			sourceTree = "<group>";
		};
		3D8211881CA1A7BC00A7032A /* include */ = {
			isa = PBXGroup;
			children = (
				3D8211891CA1A7BC00A7032A /* libavcodec */,
				3D8211991CA1A7BC00A7032A /* libavdevice */,
				3D82119C1CA1A7BC00A7032A /* libavfilter */,
				3D8211A21CA1A7BC00A7032A /* libavformat */,
				3D8211A61CA1A7BC00A7032A /* libavutil */,
				3D8211EB1CA1A7BC00A7032A /* libswresample */,
				3D8211EE1CA1A7BC00A7032A /* libswscale */,
			);
			path = include;
			sourceTree = "<group>";
		};
		3D8211891CA1A7BC00A7032A /* libavcodec */ = {
			isa = PBXGroup;
			children = (
				3D82118A1CA1A7BC00A7032A /* avcodec.h */,
				3D82118B1CA1A7BC00A7032A /* avdct.h */,
				3D82118C1CA1A7BC00A7032A /* avfft.h */,
				3D82118D1CA1A7BC00A7032A /* d3d11va.h */,
				3D82118E1CA1A7BC00A7032A /* dirac.h */,
				3D82118F1CA1A7BC00A7032A /* dv_profile.h */,
				3D8211901CA1A7BC00A7032A /* dxva2.h */,
				3D8211911CA1A7BC00A7032A /* qsv.h */,
				3D8211921CA1A7BC00A7032A /* vaapi.h */,
				3D8211931CA1A7BC00A7032A /* vda.h */,
				3D8211941CA1A7BC00A7032A /* vdpau.h */,
				3D8211951CA1A7BC00A7032A /* version.h */,
				3D8211961CA1A7BC00A7032A /* videotoolbox.h */,
				3D8211971CA1A7BC00A7032A /* vorbis_parser.h */,
				3D8211981CA1A7BC00A7032A /* xvmc.h */,
			);
			path = libavcodec;
			sourceTree = "<group>";
		};
		3D8211991CA1A7BC00A7032A /* libavdevice */ = {
			isa = PBXGroup;
			children = (
				3D82119A1CA1A7BC00A7032A /* avdevice.h */,
				3D82119B1CA1A7BC00A7032A /* version.h */,
			);
			path = libavdevice;
			sourceTree = "<group>";
		};
		3D82119C1CA1A7BC00A7032A /* libavfilter */ = {
			isa = PBXGroup;
			children = (
				3D82119D1CA1A7BC00A7032A /* avfilter.h */,
				3D82119E1CA1A7BC00A7032A /* avfiltergraph.h */,
				3D82119F1CA1A7BC00A7032A /* buffersink.h */,
				3D8211A01CA1A7BC00A7032A /* buffersrc.h */,
				3D8211A11CA1A7BC00A7032A /* version.h */,
			);
			path = libavfilter;
			sourceTree = "<group>";
		};
		3D8211A21CA1A7BC00A7032A /* libavformat */ = {
			isa = PBXGroup;
			children = (
				3D8211A31CA1A7BC00A7032A /* avformat.h */,
				3D8211A41CA1A7BC00A7032A /* avio.h */,
				3D8211A51CA1A7BC00A7032A /* version.h */,
			);
			path = libavformat;
			sourceTree = "<group>";
		};
		3D8211A61CA1A7BC00A7032A /* libavutil */ = {
			isa = PBXGroup;
			children = (
				3D8211A71CA1A7BC00A7032A /* adler32.h */,
				3D8211A81CA1A7BC00A7032A /* aes.h */,
				3D8211A91CA1A7BC00A7032A /* aes_ctr.h */,
				3D8211AA1CA1A7BC00A7032A /* attributes.h */,
				3D8211AB1CA1A7BC00A7032A /* audio_fifo.h */,
				3D8211AC1CA1A7BC00A7032A /* avassert.h */,
				3D8211AD1CA1A7BC00A7032A /* avconfig.h */,
				3D8211AE1CA1A7BC00A7032A /* avstring.h */,
				3D8211AF1CA1A7BC00A7032A /* avutil.h */,
				3D8211B01CA1A7BC00A7032A /* base64.h */,
				3D8211B11CA1A7BC00A7032A /* blowfish.h */,
				3D8211B21CA1A7BC00A7032A /* bprint.h */,
				3D8211B31CA1A7BC00A7032A /* bswap.h */,
				3D8211B41CA1A7BC00A7032A /* buffer.h */,
				3D8211B51CA1A7BC00A7032A /* camellia.h */,
				3D8211B61CA1A7BC00A7032A /* cast5.h */,
				3D8211B71CA1A7BC00A7032A /* channel_layout.h */,
				3D8211B81CA1A7BC00A7032A /* common.h */,
				3D8211B91CA1A7BC00A7032A /* cpu.h */,
				3D8211BA1CA1A7BC00A7032A /* crc.h */,
				3D8211BB1CA1A7BC00A7032A /* des.h */,
				3D8211BC1CA1A7BC00A7032A /* dict.h */,
				3D8211BD1CA1A7BC00A7032A /* display.h */,
				3D8211BE1CA1A7BC00A7032A /* downmix_info.h */,
				3D8211BF1CA1A7BC00A7032A /* error.h */,
				3D8211C01CA1A7BC00A7032A /* eval.h */,
				3D8211C11CA1A7BC00A7032A /* ffversion.h */,
				3D8211C21CA1A7BC00A7032A /* fifo.h */,
				3D8211C31CA1A7BC00A7032A /* file.h */,
				3D8211C41CA1A7BC00A7032A /* frame.h */,
				3D8211C51CA1A7BC00A7032A /* hash.h */,
				3D8211C61CA1A7BC00A7032A /* hmac.h */,
				3D8211C71CA1A7BC00A7032A /* imgutils.h */,
				3D8211C81CA1A7BC00A7032A /* intfloat.h */,
				3D8211C91CA1A7BC00A7032A /* intreadwrite.h */,
				3D8211CA1CA1A7BC00A7032A /* lfg.h */,
				3D8211CB1CA1A7BC00A7032A /* log.h */,
				3D8211CC1CA1A7BC00A7032A /* lzo.h */,
				3D8211CD1CA1A7BC00A7032A /* macros.h */,
				3D8211CE1CA1A7BC00A7032A /* mastering_display_metadata.h */,
				3D8211CF1CA1A7BC00A7032A /* mathematics.h */,
				3D8211D01CA1A7BC00A7032A /* md5.h */,
				3D8211D11CA1A7BC00A7032A /* mem.h */,
				3D8211D21CA1A7BC00A7032A /* motion_vector.h */,
				3D8211D31CA1A7BC00A7032A /* murmur3.h */,
				3D8211D41CA1A7BC00A7032A /* opt.h */,
				3D8211D51CA1A7BC00A7032A /* parseutils.h */,
				3D8211D61CA1A7BC00A7032A /* pixdesc.h */,
				3D8211D71CA1A7BC00A7032A /* pixelutils.h */,
				3D8211D81CA1A7BC00A7032A /* pixfmt.h */,
				3D8211D91CA1A7BC00A7032A /* random_seed.h */,
				3D8211DA1CA1A7BC00A7032A /* rational.h */,
				3D8211DB1CA1A7BC00A7032A /* rc4.h */,
				3D8211DC1CA1A7BC00A7032A /* replaygain.h */,
				3D8211DD1CA1A7BC00A7032A /* ripemd.h */,
				3D8211DE1CA1A7BC00A7032A /* samplefmt.h */,
				3D8211DF1CA1A7BC00A7032A /* sha.h */,
				3D8211E01CA1A7BC00A7032A /* sha512.h */,
				3D8211E11CA1A7BC00A7032A /* stereo3d.h */,
				3D8211E21CA1A7BC00A7032A /* tea.h */,
				3D8211E31CA1A7BC00A7032A /* threadmessage.h */,
				3D8211E41CA1A7BC00A7032A /* time.h */,
				3D8211E51CA1A7BC00A7032A /* timecode.h */,
				3D8211E61CA1A7BC00A7032A /* timestamp.h */,
				3D8211E71CA1A7BC00A7032A /* tree.h */,
				3D8211E81CA1A7BC00A7032A /* twofish.h */,
				3D8211E91CA1A7BC00A7032A /* version.h */,
				3D8211EA1CA1A7BC00A7032A /* xtea.h */,
			);
			path = libavutil;
			sourceTree = "<group>";
		};
		3D8211EB1CA1A7BC00A7032A /* libswresample */ = {
			isa = PBXGroup;
			children = (
				3D8211EC1CA1A7BC00A7032A /* swresample.h */,
				3D8211ED1CA1A7BC00A7032A /* version.h */,
			);
			path = libswresample;
			sourceTree = "<group>";
		};
		3D8211EE1CA1A7BC00A7032A /* libswscale */ = {
			isa = PBXGroup;
			children = (
				3D8211EF1CA1A7BC00A7032A /* swscale.h */,
				3D8211F01CA1A7BC00A7032A /* version.h */,
			);
			path = libswscale;
			sourceTree = "<group>";
		};
		3D8211F11CA1A7BC00A7032A /* lib */ = {
			isa = PBXGroup;
			children = (
				3D8211F21CA1A7BC00A7032A /* libavcodec.a */,
				3D8211F31CA1A7BC00A7032A /* libavdevice.a */,
				3D8211F41CA1A7BC00A7032A /* libavfilter.a */,
				3D8211F51CA1A7BC00A7032A /* libavformat.a */,
				3D8211F61CA1A7BC00A7032A /* libavutil.a */,
				3D8211F71CA1A7BC00A7032A /* libswresample.a */,
				3D8211F81CA1A7BC00A7032A /* libswscale.a */,
			);
			path = lib;
			sourceTree = "<group>";
		};
		3D94B9D51C967F4100B83AC2 /* Products */ = {
			isa = PBXGroup;
			children = (
				3D94B9D91C967F4100B83AC2 /* mUPnP.framework */,
			);
			name = Products;
			sourceTree = "<group>";
		};
		3D94B9DF1C967FE300B83AC2 /* Products */ = {
			isa = PBXGroup;
			children = (
				3D94B9E31C967FE300B83AC2 /* libmupnpiOS.a */,
			);
			name = Products;
			sourceTree = "<group>";
		};
		3DCCBDDD1C9EF3D2002582B6 /* Download */ = {
			isa = PBXGroup;
			children = (
				3D1F228B1C4A3A6500A8BE8A /* TaskTableViewCell.h */,
				3D1F228C1C4A3A6500A8BE8A /* TaskTableViewCell.m */,
				3D30C4041C492FC7007234CF /* DownloadTableViewController.h */,
				3D30C4051C492FC7007234CF /* DownloadTableViewController.m */,
				3DE7613B1C9328A000CEBCC1 /* UpDownButton.h */,
				3DE7613C1C9328A000CEBCC1 /* UpDownButton.m */,
			);
			name = Download;
			path = Aria2Downloader/Download;
			sourceTree = "<group>";
		};
		3DCCBDDE1C9EF413002582B6 /* Upnp */ = {
			isa = PBXGroup;
			children = (
				3D6F662D1C95CECC002F3F6C /* UpnpDeviceTableViewController.h */,
				3D6F662E1C95CECC002F3F6C /* UpnpDeviceTableViewController.m */,
				3D94B9F01C96B2BA00B83AC2 /* UpnpServerContentTableViewController.h */,
				3D94B9F11C96B2BA00B83AC2 /* UpnpServerContentTableViewController.m */,
				3D94B9F31C96E3BA00B83AC2 /* DLNAPlaybackViewController.h */,
				3D94B9F41C96E3BA00B83AC2 /* DLNAPlaybackViewController.m */,
			);
			name = Upnp;
			path = Aria2Downloader/Upnp;
			sourceTree = "<group>";
		};
		3DCCBDDF1C9EF453002582B6 /* NewTask */ = {
			isa = PBXGroup;
			children = (
				3D1B28BA1C8C841E00F07D4D /* NewTaskViewController.h */,
				3D1B28BB1C8C841E00F07D4D /* NewTaskViewController.m */,
				3D1B28BD1C8D835300F07D4D /* NewTaskView.xib */,
			);
			name = NewTask;
			path = Aria2Downloader/NewTask;
			sourceTree = "<group>";
		};
		3DCCBDE01C9EF752002582B6 /* Other */ = {
			isa = PBXGroup;
			children = (
				3DFD767D1C94572F00FC68B2 /* SegmentNavigationController.m */,
				3DFD767C1C94572F00FC68B2 /* SegmentNavigationController.h */,
				3DFD76821C9474B400FC68B2 /* MainScrollViewController.h */,
				3DFD76831C9474B400FC68B2 /* MainScrollViewController.m */,
				3D6A8BF41C89DD29008B1277 /* ButtonTabBar.h */,
				3D6A8BF51C89DD29008B1277 /* ButtonTabBar.m */,
				3D6A8BF71C89E4FF008B1277 /* AriaTabBarController.h */,
				3D6A8BF81C89E4FF008B1277 /* AriaTabBarController.m */,
				3DD6052F1CA6595F00CCA6FA /* SiderViewController.h */,
				3DD605301CA6595F00CCA6FA /* SiderViewController.m */,
				3D1D63FC1CA8EF3C00E3F40E /* ContainerViewController.h */,
				3D1D63FD1CA8EF3C00E3F40E /* ContainerViewController.m */,
			);
			name = Other;
			path = Aria2Downloader/Other;
			sourceTree = "<group>";
		};
		78EF3EE12927540D25AA71B1 /* Pods */ = {
			isa = PBXGroup;
			children = (
				E56ECB8BD6A6B1D9696C6264 /* Pods.debug.xcconfig */,
				923B92FACAC7CDAD945FD076 /* Pods.release.xcconfig */,
			);
			name = Pods;
			sourceTree = "<group>";
		};
		81BE53EED3AA1AED31517AF6 /* Frameworks */ = {
			isa = PBXGroup;
			children = (
				3D8212061CA1B29D00A7032A /* VideoToolbox.framework */,
				3D8212041CA1A8C800A7032A /* libiconv.tbd */,
				3D8212021CA1A8AF00A7032A /* libbz2.tbd */,
				3D8212001CA1A89F00A7032A /* libz.tbd */,
				3D94B9DE1C967FE300B83AC2 /* mupnpiOS.xcodeproj */,
				3D94B9D41C967F4100B83AC2 /* mUPnP.xcodeproj */,
				744CEC635BE57811D13000AF /* libPods.a */,
			);
			name = Frameworks;
			sourceTree = "<group>";
		};
/* End PBXGroup section */

/* Begin PBXNativeTarget section */
		3D51AC861C46A43000D39FA4 /* Aria2Downloader */ = {
			isa = PBXNativeTarget;
			buildConfigurationList = 3D51ACB41C46A43000D39FA4 /* Build configuration list for PBXNativeTarget "Aria2Downloader" */;
			buildPhases = (
				5CB6D6BEAA5A9B2F4BE4E3F9 /* Check Pods Manifest.lock */,
				3D51AC831C46A43000D39FA4 /* Sources */,
				3D51AC841C46A43000D39FA4 /* Frameworks */,
				3D51AC851C46A43000D39FA4 /* Resources */,
				DA3E7C42CB9D28727CC38B55 /* Embed Pods Frameworks */,
				11A62926C250B2C2DBE7C0DF /* Copy Pods Resources */,
				3D018C661C983C4B00063304 /* Embed Frameworks */,
			);
			buildRules = (
			);
			dependencies = (
				3D94B9E51C96800000B83AC2 /* PBXTargetDependency */,
				3D94B9DD1C967FAB00B83AC2 /* PBXTargetDependency */,
				3D018C651C983C4B00063304 /* PBXTargetDependency */,
			);
			name = Aria2Downloader;
			productName = Aria2Downloader;
			productReference = 3D51AC871C46A43000D39FA4 /* Aria2Downloader.app */;
			productType = "com.apple.product-type.application";
		};
		3D51AC9F1C46A43000D39FA4 /* Aria2DownloaderTests */ = {
			isa = PBXNativeTarget;
			buildConfigurationList = 3D51ACB71C46A43000D39FA4 /* Build configuration list for PBXNativeTarget "Aria2DownloaderTests" */;
			buildPhases = (
				3D51AC9C1C46A43000D39FA4 /* Sources */,
				3D51AC9D1C46A43000D39FA4 /* Frameworks */,
				3D51AC9E1C46A43000D39FA4 /* Resources */,
			);
			buildRules = (
			);
			dependencies = (
				3D51ACA21C46A43000D39FA4 /* PBXTargetDependency */,
			);
			name = Aria2DownloaderTests;
			productName = Aria2DownloaderTests;
			productReference = 3D51ACA01C46A43000D39FA4 /* Aria2DownloaderTests.xctest */;
			productType = "com.apple.product-type.bundle.unit-test";
		};
		3D51ACAA1C46A43000D39FA4 /* Aria2DownloaderUITests */ = {
			isa = PBXNativeTarget;
			buildConfigurationList = 3D51ACBA1C46A43000D39FA4 /* Build configuration list for PBXNativeTarget "Aria2DownloaderUITests" */;
			buildPhases = (
				3D51ACA71C46A43000D39FA4 /* Sources */,
				3D51ACA81C46A43000D39FA4 /* Frameworks */,
				3D51ACA91C46A43000D39FA4 /* Resources */,
			);
			buildRules = (
			);
			dependencies = (
				3D51ACAD1C46A43000D39FA4 /* PBXTargetDependency */,
			);
			name = Aria2DownloaderUITests;
			productName = Aria2DownloaderUITests;
			productReference = 3D51ACAB1C46A43000D39FA4 /* Aria2DownloaderUITests.xctest */;
			productType = "com.apple.product-type.bundle.ui-testing";
		};
/* End PBXNativeTarget section */

/* Begin PBXProject section */
		3D51AC7F1C46A43000D39FA4 /* Project object */ = {
			isa = PBXProject;
			attributes = {
				LastUpgradeCheck = 0720;
				ORGANIZATIONNAME = happy;
				TargetAttributes = {
					3D51AC861C46A43000D39FA4 = {
						CreatedOnToolsVersion = 7.2;
						DevelopmentTeam = Q9UYAXFZQ7;
					};
					3D51AC9F1C46A43000D39FA4 = {
						CreatedOnToolsVersion = 7.2;
						DevelopmentTeam = Q9UYAXFZQ7;
						TestTargetID = 3D51AC861C46A43000D39FA4;
					};
					3D51ACAA1C46A43000D39FA4 = {
						CreatedOnToolsVersion = 7.2;
						DevelopmentTeam = Q9UYAXFZQ7;
						TestTargetID = 3D51AC861C46A43000D39FA4;
					};
				};
			};
			buildConfigurationList = 3D51AC821C46A43000D39FA4 /* Build configuration list for PBXProject "Aria2Downloader" */;
			compatibilityVersion = "Xcode 3.2";
			developmentRegion = English;
			hasScannedForEncodings = 0;
			knownRegions = (
				en,
				Base,
			);
			mainGroup = 3D51AC7E1C46A43000D39FA4;
			productRefGroup = 3D51AC881C46A43000D39FA4 /* Products */;
			projectDirPath = "";
			projectReferences = (
				{
					ProductGroup = 3D94B9D51C967F4100B83AC2 /* Products */;
					ProjectRef = 3D94B9D41C967F4100B83AC2 /* mUPnP.xcodeproj */;
				},
				{
					ProductGroup = 3D94B9DF1C967FE300B83AC2 /* Products */;
					ProjectRef = 3D94B9DE1C967FE300B83AC2 /* mupnpiOS.xcodeproj */;
				},
			);
			projectRoot = "";
			targets = (
				3D51AC861C46A43000D39FA4 /* Aria2Downloader */,
				3D51AC9F1C46A43000D39FA4 /* Aria2DownloaderTests */,
				3D51ACAA1C46A43000D39FA4 /* Aria2DownloaderUITests */,
			);
		};
/* End PBXProject section */

/* Begin PBXReferenceProxy section */
		3D94B9D91C967F4100B83AC2 /* mUPnP.framework */ = {
			isa = PBXReferenceProxy;
			fileType = wrapper.framework;
			path = mUPnP.framework;
			remoteRef = 3D94B9D81C967F4100B83AC2 /* PBXContainerItemProxy */;
			sourceTree = BUILT_PRODUCTS_DIR;
		};
		3D94B9E31C967FE300B83AC2 /* libmupnpiOS.a */ = {
			isa = PBXReferenceProxy;
			fileType = archive.ar;
			path = libmupnpiOS.a;
			remoteRef = 3D94B9E21C967FE300B83AC2 /* PBXContainerItemProxy */;
			sourceTree = BUILT_PRODUCTS_DIR;
		};
/* End PBXReferenceProxy section */

/* Begin PBXResourcesBuildPhase section */
		3D51AC851C46A43000D39FA4 /* Resources */ = {
			isa = PBXResourcesBuildPhase;
			buildActionMask = 2147483647;
			files = (
				3D1F22921C4A3A8100A8BE8A /* LaunchScreen.storyboard in Resources */,
				3D1B28BE1C8D835400F07D4D /* NewTaskView.xib in Resources */,
				3D30C3F71C492F7C007234CF /* Assets.xcassets in Resources */,
				3D1F22931C4A3A8100A8BE8A /* Main.storyboard in Resources */,
			);
			runOnlyForDeploymentPostprocessing = 0;
		};
		3D51AC9E1C46A43000D39FA4 /* Resources */ = {
			isa = PBXResourcesBuildPhase;
			buildActionMask = 2147483647;
			files = (
			);
			runOnlyForDeploymentPostprocessing = 0;
		};
		3D51ACA91C46A43000D39FA4 /* Resources */ = {
			isa = PBXResourcesBuildPhase;
			buildActionMask = 2147483647;
			files = (
			);
			runOnlyForDeploymentPostprocessing = 0;
		};
/* End PBXResourcesBuildPhase section */

/* Begin PBXShellScriptBuildPhase section */
		11A62926C250B2C2DBE7C0DF /* Copy Pods Resources */ = {
			isa = PBXShellScriptBuildPhase;
			buildActionMask = 2147483647;
			files = (
			);
			inputPaths = (
			);
			name = "Copy Pods Resources";
			outputPaths = (
			);
			runOnlyForDeploymentPostprocessing = 0;
			shellPath = /bin/sh;
			shellScript = "\"${SRCROOT}/Pods/Target Support Files/Pods/Pods-resources.sh\"\n";
			showEnvVarsInLog = 0;
		};
		5CB6D6BEAA5A9B2F4BE4E3F9 /* Check Pods Manifest.lock */ = {
			isa = PBXShellScriptBuildPhase;
			buildActionMask = 2147483647;
			files = (
			);
			inputPaths = (
			);
			name = "Check Pods Manifest.lock";
			outputPaths = (
			);
			runOnlyForDeploymentPostprocessing = 0;
			shellPath = /bin/sh;
			shellScript = "diff \"${PODS_ROOT}/../Podfile.lock\" \"${PODS_ROOT}/Manifest.lock\" > /dev/null\nif [[ $? != 0 ]] ; then\n    cat << EOM\nerror: The sandbox is not in sync with the Podfile.lock. Run 'pod install' or update your CocoaPods installation.\nEOM\n    exit 1\nfi\n";
			showEnvVarsInLog = 0;
		};
		DA3E7C42CB9D28727CC38B55 /* Embed Pods Frameworks */ = {
			isa = PBXShellScriptBuildPhase;
			buildActionMask = 2147483647;
			files = (
			);
			inputPaths = (
			);
			name = "Embed Pods Frameworks";
			outputPaths = (
			);
			runOnlyForDeploymentPostprocessing = 0;
			shellPath = /bin/sh;
			shellScript = "\"${SRCROOT}/Pods/Target Support Files/Pods/Pods-frameworks.sh\"\n";
			showEnvVarsInLog = 0;
		};
/* End PBXShellScriptBuildPhase section */

/* Begin PBXSourcesBuildPhase section */
		3D51AC831C46A43000D39FA4 /* Sources */ = {
			isa = PBXSourcesBuildPhase;
			buildActionMask = 2147483647;
			files = (
				3D6F662F1C95CECC002F3F6C /* UpnpDeviceTableViewController.m in Sources */,
				3DE7613D1C9328A000CEBCC1 /* UpDownButton.m in Sources */,
				3D1D63FE1CA8EF3C00E3F40E /* ContainerViewController.m in Sources */,
				3D30C4031C492FB2007234CF /* Task.m in Sources */,
				3D94B9F21C96B2BA00B83AC2 /* UpnpServerContentTableViewController.m in Sources */,
				3D30C4161C49349E007234CF /* File.m in Sources */,
				3D1B28BC1C8C841E00F07D4D /* NewTaskViewController.m in Sources */,
				3D30C4011C492FB2007234CF /* Aria2.m in Sources */,
				3D30C3F51C492F5C007234CF /* AppDelegate.mm in Sources */,
				3D1F228D1C4A3A6500A8BE8A /* TaskTableViewCell.m in Sources */,
				3D94B9F51C96E3BA00B83AC2 /* DLNAPlaybackViewController.m in Sources */,
				3DFD767E1C94572F00FC68B2 /* SegmentNavigationController.m in Sources */,
				3DFD76841C9474B400FC68B2 /* MainScrollViewController.m in Sources */,
				3D6A8BF61C89DD29008B1277 /* ButtonTabBar.m in Sources */,
				3D30C4021C492FB2007234CF /* JsonRPC.m in Sources */,
				3D80A3B11C91A54E009B630F /* Uri.m in Sources */,
				3DD605311CA6595F00CCA6FA /* SiderViewController.m in Sources */,
				3D30C4101C4930C3007234CF /* main.m in Sources */,
				3D6A8BF91C89E4FF008B1277 /* AriaTabBarController.m in Sources */,
				3D30C4061C492FC7007234CF /* DownloadTableViewController.m in Sources */,
				3D6A8BF31C88954F008B1277 /* UIView+extension.m in Sources */,
			);
			runOnlyForDeploymentPostprocessing = 0;
		};
		3D51AC9C1C46A43000D39FA4 /* Sources */ = {
			isa = PBXSourcesBuildPhase;
			buildActionMask = 2147483647;
			files = (
				3D51ACA51C46A43000D39FA4 /* Aria2DownloaderTests.m in Sources */,
			);
			runOnlyForDeploymentPostprocessing = 0;
		};
		3D51ACA71C46A43000D39FA4 /* Sources */ = {
			isa = PBXSourcesBuildPhase;
			buildActionMask = 2147483647;
			files = (
				3D51ACB01C46A43000D39FA4 /* Aria2DownloaderUITests.m in Sources */,
			);
			runOnlyForDeploymentPostprocessing = 0;
		};
/* End PBXSourcesBuildPhase section */

/* Begin PBXTargetDependency section */
		3D018C651C983C4B00063304 /* PBXTargetDependency */ = {
			isa = PBXTargetDependency;
			name = mUPnP;
			targetProxy = 3D018C641C983C4B00063304 /* PBXContainerItemProxy */;
		};
		3D51ACA21C46A43000D39FA4 /* PBXTargetDependency */ = {
			isa = PBXTargetDependency;
			target = 3D51AC861C46A43000D39FA4 /* Aria2Downloader */;
			targetProxy = 3D51ACA11C46A43000D39FA4 /* PBXContainerItemProxy */;
		};
		3D51ACAD1C46A43000D39FA4 /* PBXTargetDependency */ = {
			isa = PBXTargetDependency;
			target = 3D51AC861C46A43000D39FA4 /* Aria2Downloader */;
			targetProxy = 3D51ACAC1C46A43000D39FA4 /* PBXContainerItemProxy */;
		};
		3D94B9DD1C967FAB00B83AC2 /* PBXTargetDependency */ = {
			isa = PBXTargetDependency;
			name = mUPnP;
			targetProxy = 3D94B9DC1C967FAB00B83AC2 /* PBXContainerItemProxy */;
		};
		3D94B9E51C96800000B83AC2 /* PBXTargetDependency */ = {
			isa = PBXTargetDependency;
			name = mupnpiOS;
			targetProxy = 3D94B9E41C96800000B83AC2 /* PBXContainerItemProxy */;
		};
/* End PBXTargetDependency section */

/* Begin PBXVariantGroup section */
		3D1F228E1C4A3A8100A8BE8A /* LaunchScreen.storyboard */ = {
			isa = PBXVariantGroup;
			children = (
				3D1F228F1C4A3A8100A8BE8A /* Base */,
			);
			name = LaunchScreen.storyboard;
			sourceTree = "<group>";
		};
		3D1F22901C4A3A8100A8BE8A /* Main.storyboard */ = {
			isa = PBXVariantGroup;
			children = (
				3D1F22911C4A3A8100A8BE8A /* Base */,
			);
			name = Main.storyboard;
			sourceTree = "<group>";
		};
/* End PBXVariantGroup section */

/* Begin XCBuildConfiguration section */
		3D51ACB21C46A43000D39FA4 /* Debug */ = {
			isa = XCBuildConfiguration;
			buildSettings = {
				ALWAYS_SEARCH_USER_PATHS = NO;
				CLANG_CXX_LANGUAGE_STANDARD = "gnu++0x";
				CLANG_CXX_LIBRARY = "libc++";
				CLANG_ENABLE_MODULES = YES;
				CLANG_ENABLE_OBJC_ARC = YES;
				CLANG_WARN_BOOL_CONVERSION = YES;
				CLANG_WARN_CONSTANT_CONVERSION = YES;
				CLANG_WARN_DIRECT_OBJC_ISA_USAGE = YES_ERROR;
				CLANG_WARN_EMPTY_BODY = YES;
				CLANG_WARN_ENUM_CONVERSION = YES;
				CLANG_WARN_INT_CONVERSION = YES;
				CLANG_WARN_OBJC_ROOT_CLASS = YES_ERROR;
				CLANG_WARN_UNREACHABLE_CODE = YES;
				CLANG_WARN__DUPLICATE_METHOD_MATCH = YES;
				"CODE_SIGN_IDENTITY[sdk=iphoneos*]" = "iPhone Developer";
				COPY_PHASE_STRIP = NO;
				DEBUG_INFORMATION_FORMAT = dwarf;
				ENABLE_STRICT_OBJC_MSGSEND = YES;
				ENABLE_TESTABILITY = YES;
				GCC_C_LANGUAGE_STANDARD = gnu99;
				GCC_DYNAMIC_NO_PIC = NO;
				GCC_NO_COMMON_BLOCKS = YES;
				GCC_OPTIMIZATION_LEVEL = 0;
				GCC_PREPROCESSOR_DEFINITIONS = (
					"DEBUG=1",
					"$(inherited)",
				);
				GCC_WARN_64_TO_32_BIT_CONVERSION = YES;
				GCC_WARN_ABOUT_RETURN_TYPE = YES_ERROR;
				GCC_WARN_UNDECLARED_SELECTOR = YES;
				GCC_WARN_UNINITIALIZED_AUTOS = YES_AGGRESSIVE;
				GCC_WARN_UNUSED_FUNCTION = YES;
				GCC_WARN_UNUSED_VARIABLE = YES;
				IPHONEOS_DEPLOYMENT_TARGET = 9.2;
				MTL_ENABLE_DEBUG_INFO = YES;
				ONLY_ACTIVE_ARCH = YES;
				SDKROOT = iphoneos;
			};
			name = Debug;
		};
		3D51ACB31C46A43000D39FA4 /* Release */ = {
			isa = XCBuildConfiguration;
			buildSettings = {
				ALWAYS_SEARCH_USER_PATHS = NO;
				CLANG_CXX_LANGUAGE_STANDARD = "gnu++0x";
				CLANG_CXX_LIBRARY = "libc++";
				CLANG_ENABLE_MODULES = YES;
				CLANG_ENABLE_OBJC_ARC = YES;
				CLANG_WARN_BOOL_CONVERSION = YES;
				CLANG_WARN_CONSTANT_CONVERSION = YES;
				CLANG_WARN_DIRECT_OBJC_ISA_USAGE = YES_ERROR;
				CLANG_WARN_EMPTY_BODY = YES;
				CLANG_WARN_ENUM_CONVERSION = YES;
				CLANG_WARN_INT_CONVERSION = YES;
				CLANG_WARN_OBJC_ROOT_CLASS = YES_ERROR;
				CLANG_WARN_UNREACHABLE_CODE = YES;
				CLANG_WARN__DUPLICATE_METHOD_MATCH = YES;
				"CODE_SIGN_IDENTITY[sdk=iphoneos*]" = "iPhone Developer";
				COPY_PHASE_STRIP = NO;
				DEBUG_INFORMATION_FORMAT = "dwarf-with-dsym";
				ENABLE_NS_ASSERTIONS = NO;
				ENABLE_STRICT_OBJC_MSGSEND = YES;
				GCC_C_LANGUAGE_STANDARD = gnu99;
				GCC_NO_COMMON_BLOCKS = YES;
				GCC_WARN_64_TO_32_BIT_CONVERSION = YES;
				GCC_WARN_ABOUT_RETURN_TYPE = YES_ERROR;
				GCC_WARN_UNDECLARED_SELECTOR = YES;
				GCC_WARN_UNINITIALIZED_AUTOS = YES_AGGRESSIVE;
				GCC_WARN_UNUSED_FUNCTION = YES;
				GCC_WARN_UNUSED_VARIABLE = YES;
				IPHONEOS_DEPLOYMENT_TARGET = 9.2;
				MTL_ENABLE_DEBUG_INFO = NO;
				SDKROOT = iphoneos;
				VALIDATE_PRODUCT = YES;
			};
			name = Release;
		};
		3D51ACB51C46A43000D39FA4 /* Debug */ = {
			isa = XCBuildConfiguration;
			baseConfigurationReference = E56ECB8BD6A6B1D9696C6264 /* Pods.debug.xcconfig */;
			buildSettings = {
				ASSETCATALOG_COMPILER_APPICON_NAME = AppIcon;
				INFOPLIST_FILE = Aria2Downloader/Info.plist;
				IPHONEOS_DEPLOYMENT_TARGET = 8.0;
				LD_RUNPATH_SEARCH_PATHS = "$(inherited) @executable_path/Frameworks";
				LIBRARY_SEARCH_PATHS = (
					"$(inherited)",
					"$(PROJECT_DIR)/Aria2Downloader/FFmpeg-iOS/lib",
				);
				PRODUCT_BUNDLE_IDENTIFIER = com.happy.Aria2Downloader;
				PRODUCT_NAME = "$(TARGET_NAME)";
				USER_HEADER_SEARCH_PATHS = "$(PODS_ROOT)/** ~/Developer/mupnpc/** $(PROJECT_DIR)/Aria2Downloader/FFmpeg-iOS/include/**";
			};
			name = Debug;
		};
		3D51ACB61C46A43000D39FA4 /* Release */ = {
			isa = XCBuildConfiguration;
			baseConfigurationReference = 923B92FACAC7CDAD945FD076 /* Pods.release.xcconfig */;
			buildSettings = {
				ASSETCATALOG_COMPILER_APPICON_NAME = AppIcon;
				INFOPLIST_FILE = Aria2Downloader/Info.plist;
				IPHONEOS_DEPLOYMENT_TARGET = 8.0;
				LD_RUNPATH_SEARCH_PATHS = "$(inherited) @executable_path/Frameworks";
				LIBRARY_SEARCH_PATHS = (
					"$(inherited)",
					"$(PROJECT_DIR)/Aria2Downloader/FFmpeg-iOS/lib",
				);
				PRODUCT_BUNDLE_IDENTIFIER = com.happy.Aria2Downloader;
				PRODUCT_NAME = "$(TARGET_NAME)";
				USER_HEADER_SEARCH_PATHS = "$(PODS_ROOT)/** ~/Developer/mupnpc/** $(PROJECT_DIR)/Aria2Downloader/FFmpeg-iOS/include/**";
			};
			name = Release;
		};
		3D51ACB81C46A43000D39FA4 /* Debug */ = {
			isa = XCBuildConfiguration;
			buildSettings = {
				BUNDLE_LOADER = "$(TEST_HOST)";
				INFOPLIST_FILE = Aria2DownloaderTests/Info.plist;
				LD_RUNPATH_SEARCH_PATHS = "$(inherited) @executable_path/Frameworks @loader_path/Frameworks";
				PRODUCT_BUNDLE_IDENTIFIER = com.happy.Aria2DownloaderTests;
				PRODUCT_NAME = "$(TARGET_NAME)";
				TEST_HOST = "$(BUILT_PRODUCTS_DIR)/Aria2Downloader.app/Aria2Downloader";
			};
			name = Debug;
		};
		3D51ACB91C46A43000D39FA4 /* Release */ = {
			isa = XCBuildConfiguration;
			buildSettings = {
				BUNDLE_LOADER = "$(TEST_HOST)";
				INFOPLIST_FILE = Aria2DownloaderTests/Info.plist;
				LD_RUNPATH_SEARCH_PATHS = "$(inherited) @executable_path/Frameworks @loader_path/Frameworks";
				PRODUCT_BUNDLE_IDENTIFIER = com.happy.Aria2DownloaderTests;
				PRODUCT_NAME = "$(TARGET_NAME)";
				TEST_HOST = "$(BUILT_PRODUCTS_DIR)/Aria2Downloader.app/Aria2Downloader";
			};
			name = Release;
		};
		3D51ACBB1C46A43000D39FA4 /* Debug */ = {
			isa = XCBuildConfiguration;
			buildSettings = {
				INFOPLIST_FILE = Aria2DownloaderUITests/Info.plist;
				LD_RUNPATH_SEARCH_PATHS = "$(inherited) @executable_path/Frameworks @loader_path/Frameworks";
				PRODUCT_BUNDLE_IDENTIFIER = com.happy.Aria2DownloaderUITests;
				PRODUCT_NAME = "$(TARGET_NAME)";
				TEST_TARGET_NAME = Aria2Downloader;
				USES_XCTRUNNER = YES;
			};
			name = Debug;
		};
		3D51ACBC1C46A43000D39FA4 /* Release */ = {
			isa = XCBuildConfiguration;
			buildSettings = {
				INFOPLIST_FILE = Aria2DownloaderUITests/Info.plist;
				LD_RUNPATH_SEARCH_PATHS = "$(inherited) @executable_path/Frameworks @loader_path/Frameworks";
				PRODUCT_BUNDLE_IDENTIFIER = com.happy.Aria2DownloaderUITests;
				PRODUCT_NAME = "$(TARGET_NAME)";
				TEST_TARGET_NAME = Aria2Downloader;
				USES_XCTRUNNER = YES;
			};
			name = Release;
		};
/* End XCBuildConfiguration section */

/* Begin XCConfigurationList section */
		3D51AC821C46A43000D39FA4 /* Build configuration list for PBXProject "Aria2Downloader" */ = {
			isa = XCConfigurationList;
			buildConfigurations = (
				3D51ACB21C46A43000D39FA4 /* Debug */,
				3D51ACB31C46A43000D39FA4 /* Release */,
			);
			defaultConfigurationIsVisible = 0;
			defaultConfigurationName = Release;
		};
		3D51ACB41C46A43000D39FA4 /* Build configuration list for PBXNativeTarget "Aria2Downloader" */ = {
			isa = XCConfigurationList;
			buildConfigurations = (
				3D51ACB51C46A43000D39FA4 /* Debug */,
				3D51ACB61C46A43000D39FA4 /* Release */,
			);
			defaultConfigurationIsVisible = 0;
			defaultConfigurationName = Release;
		};
		3D51ACB71C46A43000D39FA4 /* Build configuration list for PBXNativeTarget "Aria2DownloaderTests" */ = {
			isa = XCConfigurationList;
			buildConfigurations = (
				3D51ACB81C46A43000D39FA4 /* Debug */,
				3D51ACB91C46A43000D39FA4 /* Release */,
			);
			defaultConfigurationIsVisible = 0;
			defaultConfigurationName = Release;
		};
		3D51ACBA1C46A43000D39FA4 /* Build configuration list for PBXNativeTarget "Aria2DownloaderUITests" */ = {
			isa = XCConfigurationList;
			buildConfigurations = (
				3D51ACBB1C46A43000D39FA4 /* Debug */,
				3D51ACBC1C46A43000D39FA4 /* Release */,
			);
			defaultConfigurationIsVisible = 0;
			defaultConfigurationName = Release;
		};
/* End XCConfigurationList section */
	};
	rootObject = 3D51AC7F1C46A43000D39FA4 /* Project object */;
}
